// !$*UTF8*$!
{
	archiveVersion = 1;
	classes = {
	};
	objectVersion = 46;
	objects = {

/* Begin PBXBuildFile section */
		BA24058F1880BCF4009BDC5D /* SPTilesMatrix.m in Sources */ = {isa = PBXBuildFile; fileRef = BA24058E1880BCF4009BDC5D /* SPTilesMatrix.m */; };
		BA5B19C518B04297005DCBE8 /* UIImage+ProportionalFill.m in Sources */ = {isa = PBXBuildFile; fileRef = BA5B19C418B04297005DCBE8 /* UIImage+ProportionalFill.m */; };
		BA78393418B827EE00434653 /* MKGyroManager.m in Sources */ = {isa = PBXBuildFile; fileRef = BA78392F18B827EE00434653 /* MKGyroManager.m */; };
		BA78393518B827EE00434653 /* MKParallaxManager.m in Sources */ = {isa = PBXBuildFile; fileRef = BA78393118B827EE00434653 /* MKParallaxManager.m */; };
		BA78393618B827EE00434653 /* MKParallaxView.m in Sources */ = {isa = PBXBuildFile; fileRef = BA78393318B827EE00434653 /* MKParallaxView.m */; };
		BA78393C18B83FCE00434653 /* CoreMotion.framework in Frameworks */ = {isa = PBXBuildFile; fileRef = BA78393B18B83FCE00434653 /* CoreMotion.framework */; };
		BA99095118BA061B00CFBE3E /* default.css in Resources */ = {isa = PBXBuildFile; fileRef = BA99095018BA061B00CFBE3E /* default.css */; };
		BA99095518BA081300CFBE3E /* HappyFox-Condensed.otf in Resources */ = {isa = PBXBuildFile; fileRef = BA99095318BA07DB00CFBE3E /* HappyFox-Condensed.otf */; };
		BA99095618BA081600CFBE3E /* HennyPenny-Regular.ttf in Resources */ = {isa = PBXBuildFile; fileRef = BA99095418BA07DB00CFBE3E /* HennyPenny-Regular.ttf */; };
		BA99095A18BA0B4A00CFBE3E /* PixateFreestyle.framework in Frameworks */ = {isa = PBXBuildFile; fileRef = BA99095918BA0B4A00CFBE3E /* PixateFreestyle.framework */; };
		BA99096218BA0B9B00CFBE3E /* libTestFlight.a in Frameworks */ = {isa = PBXBuildFile; fileRef = BA99095C18BA0B9B00CFBE3E /* libTestFlight.a */; };
		BA99096318BA0B9B00CFBE3E /* README.md in Resources */ = {isa = PBXBuildFile; fileRef = BA99095D18BA0B9B00CFBE3E /* README.md */; };
		BA99096418BA0B9B00CFBE3E /* release_notes.md in Resources */ = {isa = PBXBuildFile; fileRef = BA99095E18BA0B9B00CFBE3E /* release_notes.md */; };
		BAA24C4019566F76000792C6 /* SPTileMotionHandler.m in Sources */ = {isa = PBXBuildFile; fileRef = BAA24C3F19566F76000792C6 /* SPTileMotionHandler.m */; };
		BAA24C4419566F97000792C6 /* SPGameBoardModelContainer.m in Sources */ = {isa = PBXBuildFile; fileRef = BAA24C4319566F97000792C6 /* SPGameBoardModelContainer.m */; };
		BAA24C4719566FB5000792C6 /* SPTileAnimationIntention.m in Sources */ = {isa = PBXBuildFile; fileRef = BAA24C4619566FB5000792C6 /* SPTileAnimationIntention.m */; };
		BAA3C7781882370C0053D42B /* README.md in Resources */ = {isa = PBXBuildFile; fileRef = BAA3C7771882370C0053D42B /* README.md */; };
		BAAB8DC019148DC000042F0E /* SPHomeViewController.m in Sources */ = {isa = PBXBuildFile; fileRef = BAAB8DBF19148DC000042F0E /* SPHomeViewController.m */; };
		BAAB8DC81914A6F300042F0E /* box.wav in Resources */ = {isa = PBXBuildFile; fileRef = BAAB8DC21914A6F300042F0E /* box.wav */; };
		BAAB8DC91914A6F300042F0E /* button_press.wav in Resources */ = {isa = PBXBuildFile; fileRef = BAAB8DC31914A6F300042F0E /* button_press.wav */; };
		BAAB8DCB1914A6F300042F0E /* horn.wav in Resources */ = {isa = PBXBuildFile; fileRef = BAAB8DC51914A6F300042F0E /* horn.wav */; };
		BAAB8DCC1914A6F300042F0E /* lap.wav in Resources */ = {isa = PBXBuildFile; fileRef = BAAB8DC61914A6F300042F0E /* lap.wav */; };
		BAAB8DCD1914A6F300042F0E /* nitro.wav in Resources */ = {isa = PBXBuildFile; fileRef = BAAB8DC71914A6F300042F0E /* nitro.wav */; };
		BAB5CEA319160136002AF300 /* GameKitHelper.m in Sources */ = {isa = PBXBuildFile; fileRef = BAB5CE9E19160136002AF300 /* GameKitHelper.m */; };
		BAB5CEA419160136002AF300 /* NSObject+SoundPlay.m in Sources */ = {isa = PBXBuildFile; fileRef = BAB5CEA019160136002AF300 /* NSObject+SoundPlay.m */; };
		BAB5CEA519160136002AF300 /* SKTAudio.m in Sources */ = {isa = PBXBuildFile; fileRef = BAB5CEA219160136002AF300 /* SKTAudio.m */; };
		BAB5CEA9191601C2002AF300 /* SPAlertPresenter.m in Sources */ = {isa = PBXBuildFile; fileRef = BAB5CEA8191601C2002AF300 /* SPAlertPresenter.m */; };
		BAB67C8D187FDEA10013F331 /* UIImage+SliceImages.m in Sources */ = {isa = PBXBuildFile; fileRef = BAB67C8C187FDEA10013F331 /* UIImage+SliceImages.m */; };
		BAB67C95187FF0590013F331 /* UIImage+ResizeImage.m in Sources */ = {isa = PBXBuildFile; fileRef = BAB67C94187FF0590013F331 /* UIImage+ResizeImage.m */; };
		BAB67C9D187FF9500013F331 /* NSMutableArray+ScramblePosition.m in Sources */ = {isa = PBXBuildFile; fileRef = BAB67C9C187FF9500013F331 /* NSMutableArray+ScramblePosition.m */; };
		BAB67CA0188004660013F331 /* UIImage+Color.m in Sources */ = {isa = PBXBuildFile; fileRef = BAB67C9F188004660013F331 /* UIImage+Color.m */; };
		BAB67CA318801EE40013F331 /* SPPuzzleBoard.m in Sources */ = {isa = PBXBuildFile; fileRef = BAB67CA218801EE40013F331 /* SPPuzzleBoard.m */; };
		BABBDF8D18868CA70070CD24 /* libz.dylib in Frameworks */ = {isa = PBXBuildFile; fileRef = BABBDF8C18868CA70070CD24 /* libz.dylib */; };
		BABEF9FF18E79F6A00EAF3EE /* Main-iPad.storyboard in Resources */ = {isa = PBXBuildFile; fileRef = BABEF9FD18E79F6A00EAF3EE /* Main-iPad.storyboard */; };
		BAC6FF1918AF7437007BCF62 /* CoreLocation.framework in Frameworks */ = {isa = PBXBuildFile; fileRef = BAC6FF1818AF7437007BCF62 /* CoreLocation.framework */; };
		BAC6FF1B18AF743D007BCF62 /* MessageUI.framework in Frameworks */ = {isa = PBXBuildFile; fileRef = BAC6FF1A18AF743D007BCF62 /* MessageUI.framework */; };
		BAC6FF1D18AF7446007BCF62 /* MapKit.framework in Frameworks */ = {isa = PBXBuildFile; fileRef = BAC6FF1C18AF7446007BCF62 /* MapKit.framework */; };
		BAC6FF1F18AF744F007BCF62 /* QuartzCore.framework in Frameworks */ = {isa = PBXBuildFile; fileRef = BAC6FF1E18AF744F007BCF62 /* QuartzCore.framework */; };
		BAC6FF2118AF745B007BCF62 /* AdSupport.framework in Frameworks */ = {isa = PBXBuildFile; fileRef = BAC6FF2018AF745B007BCF62 /* AdSupport.framework */; };
		BAEFB7B118F186210016F921 /* GameKit.framework in Frameworks */ = {isa = PBXBuildFile; fileRef = BAEFB7B018F186210016F921 /* GameKit.framework */; };
		BAF63B9C187EA2AF00D247D2 /* Foundation.framework in Frameworks */ = {isa = PBXBuildFile; fileRef = BAF63B9B187EA2AF00D247D2 /* Foundation.framework */; };
		BAF63B9E187EA2AF00D247D2 /* CoreGraphics.framework in Frameworks */ = {isa = PBXBuildFile; fileRef = BAF63B9D187EA2AF00D247D2 /* CoreGraphics.framework */; };
		BAF63BA0187EA2AF00D247D2 /* UIKit.framework in Frameworks */ = {isa = PBXBuildFile; fileRef = BAF63B9F187EA2AF00D247D2 /* UIKit.framework */; };
		BAF63BA6187EA2AF00D247D2 /* InfoPlist.strings in Resources */ = {isa = PBXBuildFile; fileRef = BAF63BA4187EA2AF00D247D2 /* InfoPlist.strings */; };
		BAF63BA8187EA2AF00D247D2 /* main.m in Sources */ = {isa = PBXBuildFile; fileRef = BAF63BA7187EA2AF00D247D2 /* main.m */; };
		BAF63BAC187EA2AF00D247D2 /* SPAppDelegate.m in Sources */ = {isa = PBXBuildFile; fileRef = BAF63BAB187EA2AF00D247D2 /* SPAppDelegate.m */; };
		BAF63BAF187EA2AF00D247D2 /* Main-iPhone.storyboard in Resources */ = {isa = PBXBuildFile; fileRef = BAF63BAD187EA2AF00D247D2 /* Main-iPhone.storyboard */; };
		BAF63BB2187EA2AF00D247D2 /* SPGameBoardViewController.m in Sources */ = {isa = PBXBuildFile; fileRef = BAF63BB1187EA2AF00D247D2 /* SPGameBoardViewController.m */; };
		BAF63BB4187EA2AF00D247D2 /* Images.xcassets in Resources */ = {isa = PBXBuildFile; fileRef = BAF63BB3187EA2AF00D247D2 /* Images.xcassets */; };
		BAF63BBB187EA2AF00D247D2 /* XCTest.framework in Frameworks */ = {isa = PBXBuildFile; fileRef = BAF63BBA187EA2AF00D247D2 /* XCTest.framework */; };
		BAF63BBC187EA2AF00D247D2 /* Foundation.framework in Frameworks */ = {isa = PBXBuildFile; fileRef = BAF63B9B187EA2AF00D247D2 /* Foundation.framework */; };
		BAF63BBD187EA2AF00D247D2 /* UIKit.framework in Frameworks */ = {isa = PBXBuildFile; fileRef = BAF63B9F187EA2AF00D247D2 /* UIKit.framework */; };
		BAF63BC5187EA2AF00D247D2 /* InfoPlist.strings in Resources */ = {isa = PBXBuildFile; fileRef = BAF63BC3187EA2AF00D247D2 /* InfoPlist.strings */; };
		BAF63BC7187EA2AF00D247D2 /* SliderPuzzleTests.m in Sources */ = {isa = PBXBuildFile; fileRef = BAF63BC6187EA2AF00D247D2 /* SliderPuzzleTests.m */; };
		BAF9DFA3187EA6120098D7B4 /* SPTile.m in Sources */ = {isa = PBXBuildFile; fileRef = BAF9DFA2187EA6120098D7B4 /* SPTile.m */; };
		C4AB03E5B45C4743B3C4C3E3 /* libPods.a in Frameworks */ = {isa = PBXBuildFile; fileRef = E44D2F6A3DB345B4848494A7 /* libPods.a */; };
/* End PBXBuildFile section */

/* Begin PBXContainerItemProxy section */
		BAF63BBE187EA2AF00D247D2 /* PBXContainerItemProxy */ = {
			isa = PBXContainerItemProxy;
			containerPortal = BAF63B90187EA2AF00D247D2 /* Project object */;
			proxyType = 1;
			remoteGlobalIDString = BAF63B97187EA2AF00D247D2;
			remoteInfo = SliderPuzzle;
		};
/* End PBXContainerItemProxy section */

/* Begin PBXFileReference section */
		490FEF45E58440E494FA125B /* Pods.xcconfig */ = {isa = PBXFileReference; includeInIndex = 1; lastKnownFileType = text.xcconfig; name = Pods.xcconfig; path = Pods/Pods.xcconfig; sourceTree = "<group>"; };
		BA24058D1880BCF4009BDC5D /* SPTilesMatrix.h */ = {isa = PBXFileReference; fileEncoding = 4; lastKnownFileType = sourcecode.c.h; path = SPTilesMatrix.h; sourceTree = "<group>"; };
		BA24058E1880BCF4009BDC5D /* SPTilesMatrix.m */ = {isa = PBXFileReference; fileEncoding = 4; lastKnownFileType = sourcecode.c.objc; path = SPTilesMatrix.m; sourceTree = "<group>"; };
		BA5B19C318B04297005DCBE8 /* UIImage+ProportionalFill.h */ = {isa = PBXFileReference; fileEncoding = 4; lastKnownFileType = sourcecode.c.h; path = "UIImage+ProportionalFill.h"; sourceTree = "<group>"; };
		BA5B19C418B04297005DCBE8 /* UIImage+ProportionalFill.m */ = {isa = PBXFileReference; fileEncoding = 4; lastKnownFileType = sourcecode.c.objc; path = "UIImage+ProportionalFill.m"; sourceTree = "<group>"; };
		BA78392E18B827EE00434653 /* MKGyroManager.h */ = {isa = PBXFileReference; fileEncoding = 4; lastKnownFileType = sourcecode.c.h; path = MKGyroManager.h; sourceTree = "<group>"; };
		BA78392F18B827EE00434653 /* MKGyroManager.m */ = {isa = PBXFileReference; fileEncoding = 4; lastKnownFileType = sourcecode.c.objc; path = MKGyroManager.m; sourceTree = "<group>"; };
		BA78393018B827EE00434653 /* MKParallaxManager.h */ = {isa = PBXFileReference; fileEncoding = 4; lastKnownFileType = sourcecode.c.h; path = MKParallaxManager.h; sourceTree = "<group>"; };
		BA78393118B827EE00434653 /* MKParallaxManager.m */ = {isa = PBXFileReference; fileEncoding = 4; lastKnownFileType = sourcecode.c.objc; path = MKParallaxManager.m; sourceTree = "<group>"; };
		BA78393218B827EE00434653 /* MKParallaxView.h */ = {isa = PBXFileReference; fileEncoding = 4; lastKnownFileType = sourcecode.c.h; path = MKParallaxView.h; sourceTree = "<group>"; };
		BA78393318B827EE00434653 /* MKParallaxView.m */ = {isa = PBXFileReference; fileEncoding = 4; lastKnownFileType = sourcecode.c.objc; path = MKParallaxView.m; sourceTree = "<group>"; };
		BA78393B18B83FCE00434653 /* CoreMotion.framework */ = {isa = PBXFileReference; lastKnownFileType = wrapper.framework; name = CoreMotion.framework; path = System/Library/Frameworks/CoreMotion.framework; sourceTree = SDKROOT; };
		BA78393D18B8580300434653 /* SPConstants.h */ = {isa = PBXFileReference; fileEncoding = 4; lastKnownFileType = sourcecode.c.h; path = SPConstants.h; sourceTree = "<group>"; };
		BA99095018BA061B00CFBE3E /* default.css */ = {isa = PBXFileReference; fileEncoding = 4; lastKnownFileType = text.css; path = default.css; sourceTree = "<group>"; };
		BA99095318BA07DB00CFBE3E /* HappyFox-Condensed.otf */ = {isa = PBXFileReference; lastKnownFileType = file; path = "HappyFox-Condensed.otf"; sourceTree = "<group>"; };
		BA99095418BA07DB00CFBE3E /* HennyPenny-Regular.ttf */ = {isa = PBXFileReference; lastKnownFileType = file; path = "HennyPenny-Regular.ttf"; sourceTree = "<group>"; };
		BA99095918BA0B4A00CFBE3E /* PixateFreestyle.framework */ = {isa = PBXFileReference; lastKnownFileType = wrapper.framework; name = PixateFreestyle.framework; path = ThirdPartyLibs/PixateFreestyle.framework; sourceTree = "<group>"; };
		BA99095C18BA0B9B00CFBE3E /* libTestFlight.a */ = {isa = PBXFileReference; lastKnownFileType = archive.ar; path = libTestFlight.a; sourceTree = "<group>"; };
		BA99095D18BA0B9B00CFBE3E /* README.md */ = {isa = PBXFileReference; fileEncoding = 4; lastKnownFileType = text; path = README.md; sourceTree = "<group>"; };
		BA99095E18BA0B9B00CFBE3E /* release_notes.md */ = {isa = PBXFileReference; fileEncoding = 4; lastKnownFileType = text; path = release_notes.md; sourceTree = "<group>"; };
		BA99095F18BA0B9B00CFBE3E /* TestFlight+AsyncLogging.h */ = {isa = PBXFileReference; fileEncoding = 4; lastKnownFileType = sourcecode.c.h; path = "TestFlight+AsyncLogging.h"; sourceTree = "<group>"; };
		BA99096018BA0B9B00CFBE3E /* TestFlight+ManualSessions.h */ = {isa = PBXFileReference; fileEncoding = 4; lastKnownFileType = sourcecode.c.h; path = "TestFlight+ManualSessions.h"; sourceTree = "<group>"; };
		BA99096118BA0B9B00CFBE3E /* TestFlight.h */ = {isa = PBXFileReference; fileEncoding = 4; lastKnownFileType = sourcecode.c.h; path = TestFlight.h; sourceTree = "<group>"; };
		BAA24C3E19566F76000792C6 /* SPTileMotionHandler.h */ = {isa = PBXFileReference; fileEncoding = 4; lastKnownFileType = sourcecode.c.h; path = SPTileMotionHandler.h; sourceTree = "<group>"; };
		BAA24C3F19566F76000792C6 /* SPTileMotionHandler.m */ = {isa = PBXFileReference; fileEncoding = 4; lastKnownFileType = sourcecode.c.objc; path = SPTileMotionHandler.m; sourceTree = "<group>"; };
		BAA24C4219566F97000792C6 /* SPGameBoardModelContainer.h */ = {isa = PBXFileReference; fileEncoding = 4; lastKnownFileType = sourcecode.c.h; path = SPGameBoardModelContainer.h; sourceTree = "<group>"; };
		BAA24C4319566F97000792C6 /* SPGameBoardModelContainer.m */ = {isa = PBXFileReference; fileEncoding = 4; lastKnownFileType = sourcecode.c.objc; path = SPGameBoardModelContainer.m; sourceTree = "<group>"; };
		BAA24C4519566FB5000792C6 /* SPTileAnimationIntention.h */ = {isa = PBXFileReference; fileEncoding = 4; lastKnownFileType = sourcecode.c.h; path = SPTileAnimationIntention.h; sourceTree = "<group>"; };
		BAA24C4619566FB5000792C6 /* SPTileAnimationIntention.m */ = {isa = PBXFileReference; fileEncoding = 4; lastKnownFileType = sourcecode.c.objc; path = SPTileAnimationIntention.m; sourceTree = "<group>"; };
		BAA3C7771882370C0053D42B /* README.md */ = {isa = PBXFileReference; fileEncoding = 4; lastKnownFileType = text; name = README.md; path = ../README.md; sourceTree = "<group>"; };
		BAAB8DBE19148DC000042F0E /* SPHomeViewController.h */ = {isa = PBXFileReference; fileEncoding = 4; lastKnownFileType = sourcecode.c.h; path = SPHomeViewController.h; sourceTree = "<group>"; };
		BAAB8DBF19148DC000042F0E /* SPHomeViewController.m */ = {isa = PBXFileReference; fileEncoding = 4; lastKnownFileType = sourcecode.c.objc; path = SPHomeViewController.m; sourceTree = "<group>"; };
		BAAB8DC21914A6F300042F0E /* box.wav */ = {isa = PBXFileReference; lastKnownFileType = audio.wav; path = box.wav; sourceTree = "<group>"; };
		BAAB8DC31914A6F300042F0E /* button_press.wav */ = {isa = PBXFileReference; lastKnownFileType = audio.wav; path = button_press.wav; sourceTree = "<group>"; };
		BAAB8DC51914A6F300042F0E /* horn.wav */ = {isa = PBXFileReference; lastKnownFileType = audio.wav; path = horn.wav; sourceTree = "<group>"; };
		BAAB8DC61914A6F300042F0E /* lap.wav */ = {isa = PBXFileReference; lastKnownFileType = audio.wav; path = lap.wav; sourceTree = "<group>"; };
		BAAB8DC71914A6F300042F0E /* nitro.wav */ = {isa = PBXFileReference; lastKnownFileType = audio.wav; path = nitro.wav; sourceTree = "<group>"; };
		BAB5CE9D19160136002AF300 /* GameKitHelper.h */ = {isa = PBXFileReference; fileEncoding = 4; lastKnownFileType = sourcecode.c.h; path = GameKitHelper.h; sourceTree = "<group>"; };
		BAB5CE9E19160136002AF300 /* GameKitHelper.m */ = {isa = PBXFileReference; fileEncoding = 4; lastKnownFileType = sourcecode.c.objc; path = GameKitHelper.m; sourceTree = "<group>"; };
		BAB5CE9F19160136002AF300 /* NSObject+SoundPlay.h */ = {isa = PBXFileReference; fileEncoding = 4; lastKnownFileType = sourcecode.c.h; path = "NSObject+SoundPlay.h"; sourceTree = "<group>"; };
		BAB5CEA019160136002AF300 /* NSObject+SoundPlay.m */ = {isa = PBXFileReference; fileEncoding = 4; lastKnownFileType = sourcecode.c.objc; path = "NSObject+SoundPlay.m"; sourceTree = "<group>"; };
		BAB5CEA119160136002AF300 /* SKTAudio.h */ = {isa = PBXFileReference; fileEncoding = 4; lastKnownFileType = sourcecode.c.h; path = SKTAudio.h; sourceTree = "<group>"; };
		BAB5CEA219160136002AF300 /* SKTAudio.m */ = {isa = PBXFileReference; fileEncoding = 4; lastKnownFileType = sourcecode.c.objc; path = SKTAudio.m; sourceTree = "<group>"; };
		BAB5CEA7191601C2002AF300 /* SPAlertPresenter.h */ = {isa = PBXFileReference; fileEncoding = 4; lastKnownFileType = sourcecode.c.h; name = SPAlertPresenter.h; path = "SliderPuzzle/UI Utility/SPAlertPresenter.h"; sourceTree = SOURCE_ROOT; };
		BAB5CEA8191601C2002AF300 /* SPAlertPresenter.m */ = {isa = PBXFileReference; fileEncoding = 4; lastKnownFileType = sourcecode.c.objc; name = SPAlertPresenter.m; path = "SliderPuzzle/UI Utility/SPAlertPresenter.m"; sourceTree = SOURCE_ROOT; };
		BAB67C8B187FDEA10013F331 /* UIImage+SliceImages.h */ = {isa = PBXFileReference; fileEncoding = 4; lastKnownFileType = sourcecode.c.h; path = "UIImage+SliceImages.h"; sourceTree = "<group>"; };
		BAB67C8C187FDEA10013F331 /* UIImage+SliceImages.m */ = {isa = PBXFileReference; fileEncoding = 4; lastKnownFileType = sourcecode.c.objc; path = "UIImage+SliceImages.m"; sourceTree = "<group>"; };
		BAB67C93187FF0590013F331 /* UIImage+ResizeImage.h */ = {isa = PBXFileReference; fileEncoding = 4; lastKnownFileType = sourcecode.c.h; path = "UIImage+ResizeImage.h"; sourceTree = "<group>"; };
		BAB67C94187FF0590013F331 /* UIImage+ResizeImage.m */ = {isa = PBXFileReference; fileEncoding = 4; lastKnownFileType = sourcecode.c.objc; path = "UIImage+ResizeImage.m"; sourceTree = "<group>"; };
		BAB67C9B187FF9500013F331 /* NSMutableArray+ScramblePosition.h */ = {isa = PBXFileReference; fileEncoding = 4; lastKnownFileType = sourcecode.c.h; path = "NSMutableArray+ScramblePosition.h"; sourceTree = "<group>"; };
		BAB67C9C187FF9500013F331 /* NSMutableArray+ScramblePosition.m */ = {isa = PBXFileReference; fileEncoding = 4; lastKnownFileType = sourcecode.c.objc; path = "NSMutableArray+ScramblePosition.m"; sourceTree = "<group>"; };
		BAB67C9E188004660013F331 /* UIImage+Color.h */ = {isa = PBXFileReference; fileEncoding = 4; lastKnownFileType = sourcecode.c.h; path = "UIImage+Color.h"; sourceTree = "<group>"; };
		BAB67C9F188004660013F331 /* UIImage+Color.m */ = {isa = PBXFileReference; fileEncoding = 4; lastKnownFileType = sourcecode.c.objc; path = "UIImage+Color.m"; sourceTree = "<group>"; };
		BAB67CA118801EE40013F331 /* SPPuzzleBoard.h */ = {isa = PBXFileReference; fileEncoding = 4; lastKnownFileType = sourcecode.c.h; path = SPPuzzleBoard.h; sourceTree = "<group>"; };
		BAB67CA218801EE40013F331 /* SPPuzzleBoard.m */ = {isa = PBXFileReference; fileEncoding = 4; lastKnownFileType = sourcecode.c.objc; path = SPPuzzleBoard.m; sourceTree = "<group>"; };
		BABBDF8C18868CA70070CD24 /* libz.dylib */ = {isa = PBXFileReference; lastKnownFileType = "compiled.mach-o.dylib"; name = libz.dylib; path = usr/lib/libz.dylib; sourceTree = SDKROOT; };
		BABEF9FE18E79F6A00EAF3EE /* Base */ = {isa = PBXFileReference; lastKnownFileType = file.storyboard; name = Base; path = "Base.lproj/Main-iPad.storyboard"; sourceTree = "<group>"; };
		BAC6FF1818AF7437007BCF62 /* CoreLocation.framework */ = {isa = PBXFileReference; lastKnownFileType = wrapper.framework; name = CoreLocation.framework; path = System/Library/Frameworks/CoreLocation.framework; sourceTree = SDKROOT; };
		BAC6FF1A18AF743D007BCF62 /* MessageUI.framework */ = {isa = PBXFileReference; lastKnownFileType = wrapper.framework; name = MessageUI.framework; path = System/Library/Frameworks/MessageUI.framework; sourceTree = SDKROOT; };
		BAC6FF1C18AF7446007BCF62 /* MapKit.framework */ = {isa = PBXFileReference; lastKnownFileType = wrapper.framework; name = MapKit.framework; path = System/Library/Frameworks/MapKit.framework; sourceTree = SDKROOT; };
		BAC6FF1E18AF744F007BCF62 /* QuartzCore.framework */ = {isa = PBXFileReference; lastKnownFileType = wrapper.framework; name = QuartzCore.framework; path = System/Library/Frameworks/QuartzCore.framework; sourceTree = SDKROOT; };
		BAC6FF2018AF745B007BCF62 /* AdSupport.framework */ = {isa = PBXFileReference; lastKnownFileType = wrapper.framework; name = AdSupport.framework; path = System/Library/Frameworks/AdSupport.framework; sourceTree = SDKROOT; };
		BAEFB7B018F186210016F921 /* GameKit.framework */ = {isa = PBXFileReference; lastKnownFileType = wrapper.framework; name = GameKit.framework; path = System/Library/Frameworks/GameKit.framework; sourceTree = SDKROOT; };
		BAF63B98187EA2AF00D247D2 /* SliderPuzzle.app */ = {isa = PBXFileReference; explicitFileType = wrapper.application; includeInIndex = 0; path = SliderPuzzle.app; sourceTree = BUILT_PRODUCTS_DIR; };
		BAF63B9B187EA2AF00D247D2 /* Foundation.framework */ = {isa = PBXFileReference; lastKnownFileType = wrapper.framework; name = Foundation.framework; path = System/Library/Frameworks/Foundation.framework; sourceTree = SDKROOT; };
		BAF63B9D187EA2AF00D247D2 /* CoreGraphics.framework */ = {isa = PBXFileReference; lastKnownFileType = wrapper.framework; name = CoreGraphics.framework; path = System/Library/Frameworks/CoreGraphics.framework; sourceTree = SDKROOT; };
		BAF63B9F187EA2AF00D247D2 /* UIKit.framework */ = {isa = PBXFileReference; lastKnownFileType = wrapper.framework; name = UIKit.framework; path = System/Library/Frameworks/UIKit.framework; sourceTree = SDKROOT; };
		BAF63BA3187EA2AF00D247D2 /* SliderPuzzle-Info.plist */ = {isa = PBXFileReference; lastKnownFileType = text.plist.xml; path = "SliderPuzzle-Info.plist"; sourceTree = "<group>"; };
		BAF63BA5187EA2AF00D247D2 /* en */ = {isa = PBXFileReference; lastKnownFileType = text.plist.strings; name = en; path = en.lproj/InfoPlist.strings; sourceTree = "<group>"; };
		BAF63BA7187EA2AF00D247D2 /* main.m */ = {isa = PBXFileReference; lastKnownFileType = sourcecode.c.objc; path = main.m; sourceTree = "<group>"; };
		BAF63BA9187EA2AF00D247D2 /* SliderPuzzle-Prefix.pch */ = {isa = PBXFileReference; lastKnownFileType = sourcecode.c.h; path = "SliderPuzzle-Prefix.pch"; sourceTree = "<group>"; };
		BAF63BAA187EA2AF00D247D2 /* SPAppDelegate.h */ = {isa = PBXFileReference; lastKnownFileType = sourcecode.c.h; path = SPAppDelegate.h; sourceTree = "<group>"; };
		BAF63BAB187EA2AF00D247D2 /* SPAppDelegate.m */ = {isa = PBXFileReference; lastKnownFileType = sourcecode.c.objc; path = SPAppDelegate.m; sourceTree = "<group>"; };
		BAF63BAE187EA2AF00D247D2 /* Base */ = {isa = PBXFileReference; lastKnownFileType = file.storyboard; name = Base; path = "Base.lproj/Main-iPhone.storyboard"; sourceTree = "<group>"; };
		BAF63BB0187EA2AF00D247D2 /* SPGameBoardViewController.h */ = {isa = PBXFileReference; lastKnownFileType = sourcecode.c.h; path = SPGameBoardViewController.h; sourceTree = "<group>"; };
		BAF63BB1187EA2AF00D247D2 /* SPGameBoardViewController.m */ = {isa = PBXFileReference; lastKnownFileType = sourcecode.c.objc; path = SPGameBoardViewController.m; sourceTree = "<group>"; };
		BAF63BB3187EA2AF00D247D2 /* Images.xcassets */ = {isa = PBXFileReference; lastKnownFileType = folder.assetcatalog; path = Images.xcassets; sourceTree = "<group>"; };
		BAF63BB9187EA2AF00D247D2 /* SliderPuzzleTests.xctest */ = {isa = PBXFileReference; explicitFileType = wrapper.cfbundle; includeInIndex = 0; path = SliderPuzzleTests.xctest; sourceTree = BUILT_PRODUCTS_DIR; };
		BAF63BBA187EA2AF00D247D2 /* XCTest.framework */ = {isa = PBXFileReference; lastKnownFileType = wrapper.framework; name = XCTest.framework; path = Library/Frameworks/XCTest.framework; sourceTree = DEVELOPER_DIR; };
		BAF63BC2187EA2AF00D247D2 /* SliderPuzzleTests-Info.plist */ = {isa = PBXFileReference; lastKnownFileType = text.plist.xml; path = "SliderPuzzleTests-Info.plist"; sourceTree = "<group>"; };
		BAF63BC4187EA2AF00D247D2 /* en */ = {isa = PBXFileReference; lastKnownFileType = text.plist.strings; name = en; path = en.lproj/InfoPlist.strings; sourceTree = "<group>"; };
		BAF63BC6187EA2AF00D247D2 /* SliderPuzzleTests.m */ = {isa = PBXFileReference; lastKnownFileType = sourcecode.c.objc; path = SliderPuzzleTests.m; sourceTree = "<group>"; };
		BAF9DFA1187EA6120098D7B4 /* SPTile.h */ = {isa = PBXFileReference; fileEncoding = 4; lastKnownFileType = sourcecode.c.h; path = SPTile.h; sourceTree = "<group>"; };
		BAF9DFA2187EA6120098D7B4 /* SPTile.m */ = {isa = PBXFileReference; fileEncoding = 4; lastKnownFileType = sourcecode.c.objc; path = SPTile.m; sourceTree = "<group>"; };
		E44D2F6A3DB345B4848494A7 /* libPods.a */ = {isa = PBXFileReference; explicitFileType = archive.ar; includeInIndex = 0; path = libPods.a; sourceTree = BUILT_PRODUCTS_DIR; };
/* End PBXFileReference section */

/* Begin PBXFrameworksBuildPhase section */
		BAF63B95187EA2AF00D247D2 /* Frameworks */ = {
			isa = PBXFrameworksBuildPhase;
			buildActionMask = 2147483647;
			files = (
				BA78393C18B83FCE00434653 /* CoreMotion.framework in Frameworks */,
				BA99096218BA0B9B00CFBE3E /* libTestFlight.a in Frameworks */,
				BAC6FF2118AF745B007BCF62 /* AdSupport.framework in Frameworks */,
				BA99095A18BA0B4A00CFBE3E /* PixateFreestyle.framework in Frameworks */,
				BAC6FF1F18AF744F007BCF62 /* QuartzCore.framework in Frameworks */,
				BAC6FF1D18AF7446007BCF62 /* MapKit.framework in Frameworks */,
				BAC6FF1B18AF743D007BCF62 /* MessageUI.framework in Frameworks */,
				BAC6FF1918AF7437007BCF62 /* CoreLocation.framework in Frameworks */,
				BAF63B9E187EA2AF00D247D2 /* CoreGraphics.framework in Frameworks */,
				BAEFB7B118F186210016F921 /* GameKit.framework in Frameworks */,
				BAF63BA0187EA2AF00D247D2 /* UIKit.framework in Frameworks */,
				BAF63B9C187EA2AF00D247D2 /* Foundation.framework in Frameworks */,
				BABBDF8D18868CA70070CD24 /* libz.dylib in Frameworks */,
				C4AB03E5B45C4743B3C4C3E3 /* libPods.a in Frameworks */,
			);
			runOnlyForDeploymentPostprocessing = 0;
		};
		BAF63BB6187EA2AF00D247D2 /* Frameworks */ = {
			isa = PBXFrameworksBuildPhase;
			buildActionMask = 2147483647;
			files = (
				BAF63BBB187EA2AF00D247D2 /* XCTest.framework in Frameworks */,
				BAF63BBD187EA2AF00D247D2 /* UIKit.framework in Frameworks */,
				BAF63BBC187EA2AF00D247D2 /* Foundation.framework in Frameworks */,
			);
			runOnlyForDeploymentPostprocessing = 0;
		};
/* End PBXFrameworksBuildPhase section */

/* Begin PBXGroup section */
		BA5B19C218B04297005DCBE8 /* MGImageUtilities */ = {
			isa = PBXGroup;
			children = (
				BA5B19C318B04297005DCBE8 /* UIImage+ProportionalFill.h */,
				BA5B19C418B04297005DCBE8 /* UIImage+ProportionalFill.m */,
			);
			path = MGImageUtilities;
			sourceTree = "<group>";
		};
		BA78392D18B827EE00434653 /* MKParallaxView */ = {
			isa = PBXGroup;
			children = (
				BA78392E18B827EE00434653 /* MKGyroManager.h */,
				BA78392F18B827EE00434653 /* MKGyroManager.m */,
				BA78393018B827EE00434653 /* MKParallaxManager.h */,
				BA78393118B827EE00434653 /* MKParallaxManager.m */,
				BA78393218B827EE00434653 /* MKParallaxView.h */,
				BA78393318B827EE00434653 /* MKParallaxView.m */,
			);
			path = MKParallaxView;
			sourceTree = "<group>";
		};
		BA99095218BA07B700CFBE3E /* Fonts */ = {
			isa = PBXGroup;
			children = (
				BA99095318BA07DB00CFBE3E /* HappyFox-Condensed.otf */,
				BA99095418BA07DB00CFBE3E /* HennyPenny-Regular.ttf */,
			);
			path = Fonts;
			sourceTree = "<group>";
		};
		BA99095B18BA0B9B00CFBE3E /* TestFlightSDK3.0.0 */ = {
			isa = PBXGroup;
			children = (
				BA99095C18BA0B9B00CFBE3E /* libTestFlight.a */,
				BA99095D18BA0B9B00CFBE3E /* README.md */,
				BA99095E18BA0B9B00CFBE3E /* release_notes.md */,
				BA99095F18BA0B9B00CFBE3E /* TestFlight+AsyncLogging.h */,
				BA99096018BA0B9B00CFBE3E /* TestFlight+ManualSessions.h */,
				BA99096118BA0B9B00CFBE3E /* TestFlight.h */,
			);
			path = TestFlightSDK3.0.0;
			sourceTree = "<group>";
		};
		BAA24C3D19566F76000792C6 /* Handler */ = {
			isa = PBXGroup;
			children = (
				BAA24C3E19566F76000792C6 /* SPTileMotionHandler.h */,
				BAA24C3F19566F76000792C6 /* SPTileMotionHandler.m */,
			);
			path = Handler;
			sourceTree = "<group>";
		};
		BAA24C4119566F7E000792C6 /* Intention */ = {
			isa = PBXGroup;
			children = (
				BAA24C4519566FB5000792C6 /* SPTileAnimationIntention.h */,
				BAA24C4619566FB5000792C6 /* SPTileAnimationIntention.m */,
			);
			path = Intention;
			sourceTree = "<group>";
		};
		BAAB8DC11914A6F300042F0E /* Sounds */ = {
			isa = PBXGroup;
			children = (
				BAAB8DC21914A6F300042F0E /* box.wav */,
				BAAB8DC31914A6F300042F0E /* button_press.wav */,
				BAAB8DC51914A6F300042F0E /* horn.wav */,
				BAAB8DC61914A6F300042F0E /* lap.wav */,
				BAAB8DC71914A6F300042F0E /* nitro.wav */,
			);
			path = Sounds;
			sourceTree = "<group>";
		};
		BAB5CE9C19160136002AF300 /* Game Utility */ = {
			isa = PBXGroup;
			children = (
				BAB5CE9D19160136002AF300 /* GameKitHelper.h */,
				BAB5CE9E19160136002AF300 /* GameKitHelper.m */,
				BAB5CE9F19160136002AF300 /* NSObject+SoundPlay.h */,
				BAB5CEA019160136002AF300 /* NSObject+SoundPlay.m */,
				BAB5CEA119160136002AF300 /* SKTAudio.h */,
				BAB5CEA219160136002AF300 /* SKTAudio.m */,
			);
			path = "Game Utility";
			sourceTree = "<group>";
		};
		BAB5CEA619160175002AF300 /* UI Utility */ = {
			isa = PBXGroup;
			children = (
				BAB5CEA7191601C2002AF300 /* SPAlertPresenter.h */,
				BAB5CEA8191601C2002AF300 /* SPAlertPresenter.m */,
			);
			path = "UI Utility";
			sourceTree = "<group>";
		};
		BAB67C9A187FF9430013F331 /* Array Utility */ = {
			isa = PBXGroup;
			children = (
				BAB67C9B187FF9500013F331 /* NSMutableArray+ScramblePosition.h */,
				BAB67C9C187FF9500013F331 /* NSMutableArray+ScramblePosition.m */,
			);
			path = "Array Utility";
			sourceTree = "<group>";
		};
		BABBDF8718868C1D0070CD24 /* ThirdPartyLibs */ = {
			isa = PBXGroup;
			children = (
				BA99095B18BA0B9B00CFBE3E /* TestFlightSDK3.0.0 */,
				BA78392D18B827EE00434653 /* MKParallaxView */,
				BA5B19C218B04297005DCBE8 /* MGImageUtilities */,
			);
			path = ThirdPartyLibs;
			sourceTree = "<group>";
		};
		BAF63B8F187EA2AF00D247D2 = {
			isa = PBXGroup;
			children = (
				BAF63BA1187EA2AF00D247D2 /* SliderPuzzle */,
				BAAB8DC11914A6F300042F0E /* Sounds */,
				BA99095218BA07B700CFBE3E /* Fonts */,
				BABBDF8718868C1D0070CD24 /* ThirdPartyLibs */,
				BAF63BC0187EA2AF00D247D2 /* SliderPuzzleTests */,
				BAF63B9A187EA2AF00D247D2 /* Frameworks */,
				BAF63B99187EA2AF00D247D2 /* Products */,
				490FEF45E58440E494FA125B /* Pods.xcconfig */,
			);
			sourceTree = "<group>";
		};
		BAF63B99187EA2AF00D247D2 /* Products */ = {
			isa = PBXGroup;
			children = (
				BAF63B98187EA2AF00D247D2 /* SliderPuzzle.app */,
				BAF63BB9187EA2AF00D247D2 /* SliderPuzzleTests.xctest */,
			);
			name = Products;
			sourceTree = "<group>";
		};
		BAF63B9A187EA2AF00D247D2 /* Frameworks */ = {
			isa = PBXGroup;
			children = (
				BAEFB7B018F186210016F921 /* GameKit.framework */,
				BA99095918BA0B4A00CFBE3E /* PixateFreestyle.framework */,
				BA78393B18B83FCE00434653 /* CoreMotion.framework */,
				BAC6FF2018AF745B007BCF62 /* AdSupport.framework */,
				BAC6FF1E18AF744F007BCF62 /* QuartzCore.framework */,
				BAC6FF1C18AF7446007BCF62 /* MapKit.framework */,
				BAC6FF1A18AF743D007BCF62 /* MessageUI.framework */,
				BAC6FF1818AF7437007BCF62 /* CoreLocation.framework */,
				BABBDF8C18868CA70070CD24 /* libz.dylib */,
				BAF63B9B187EA2AF00D247D2 /* Foundation.framework */,
				BAF63B9D187EA2AF00D247D2 /* CoreGraphics.framework */,
				BAF63B9F187EA2AF00D247D2 /* UIKit.framework */,
				BAF63BBA187EA2AF00D247D2 /* XCTest.framework */,
				E44D2F6A3DB345B4848494A7 /* libPods.a */,
			);
			name = Frameworks;
			sourceTree = "<group>";
		};
		BAF63BA1187EA2AF00D247D2 /* SliderPuzzle */ = {
			isa = PBXGroup;
			children = (
				BAA24C4119566F7E000792C6 /* Intention */,
				BAA24C3D19566F76000792C6 /* Handler */,
				BAB5CEA619160175002AF300 /* UI Utility */,
				BAB5CE9C19160136002AF300 /* Game Utility */,
				BAB67C9A187FF9430013F331 /* Array Utility */,
				BAF9DFA4187EA6BC0098D7B4 /* Image Utility */,
				BAF9DFA0187EA5680098D7B4 /* Model */,
				BAF63BAA187EA2AF00D247D2 /* SPAppDelegate.h */,
				BAF63BAB187EA2AF00D247D2 /* SPAppDelegate.m */,
				BA78393D18B8580300434653 /* SPConstants.h */,
				BA99095018BA061B00CFBE3E /* default.css */,
				BABEF9FD18E79F6A00EAF3EE /* Main-iPad.storyboard */,
				BAF63BAD187EA2AF00D247D2 /* Main-iPhone.storyboard */,
				BAB67CA118801EE40013F331 /* SPPuzzleBoard.h */,
				BAB67CA218801EE40013F331 /* SPPuzzleBoard.m */,
				BAAB8DBE19148DC000042F0E /* SPHomeViewController.h */,
				BAAB8DBF19148DC000042F0E /* SPHomeViewController.m */,
				BAF63BB0187EA2AF00D247D2 /* SPGameBoardViewController.h */,
				BAF63BB1187EA2AF00D247D2 /* SPGameBoardViewController.m */,
				BAA3C7771882370C0053D42B /* README.md */,
				BAF63BB3187EA2AF00D247D2 /* Images.xcassets */,
				BAF63BA2187EA2AF00D247D2 /* Supporting Files */,
			);
			path = SliderPuzzle;
			sourceTree = "<group>";
		};
		BAF63BA2187EA2AF00D247D2 /* Supporting Files */ = {
			isa = PBXGroup;
			children = (
				BAF63BA3187EA2AF00D247D2 /* SliderPuzzle-Info.plist */,
				BAF63BA4187EA2AF00D247D2 /* InfoPlist.strings */,
				BAF63BA7187EA2AF00D247D2 /* main.m */,
				BAF63BA9187EA2AF00D247D2 /* SliderPuzzle-Prefix.pch */,
			);
			name = "Supporting Files";
			sourceTree = "<group>";
		};
		BAF63BC0187EA2AF00D247D2 /* SliderPuzzleTests */ = {
			isa = PBXGroup;
			children = (
				BAF63BC6187EA2AF00D247D2 /* SliderPuzzleTests.m */,
				BAF63BC1187EA2AF00D247D2 /* Supporting Files */,
			);
			path = SliderPuzzleTests;
			sourceTree = "<group>";
		};
		BAF63BC1187EA2AF00D247D2 /* Supporting Files */ = {
			isa = PBXGroup;
			children = (
				BAF63BC2187EA2AF00D247D2 /* SliderPuzzleTests-Info.plist */,
				BAF63BC3187EA2AF00D247D2 /* InfoPlist.strings */,
			);
			name = "Supporting Files";
			sourceTree = "<group>";
		};
		BAF9DFA0187EA5680098D7B4 /* Model */ = {
			isa = PBXGroup;
			children = (
				BAA24C4219566F97000792C6 /* SPGameBoardModelContainer.h */,
				BAA24C4319566F97000792C6 /* SPGameBoardModelContainer.m */,
				BAF9DFA1187EA6120098D7B4 /* SPTile.h */,
				BAF9DFA2187EA6120098D7B4 /* SPTile.m */,
				BA24058D1880BCF4009BDC5D /* SPTilesMatrix.h */,
				BA24058E1880BCF4009BDC5D /* SPTilesMatrix.m */,
			);
			path = Model;
			sourceTree = "<group>";
		};
		BAF9DFA4187EA6BC0098D7B4 /* Image Utility */ = {
			isa = PBXGroup;
			children = (
				BAB67C8B187FDEA10013F331 /* UIImage+SliceImages.h */,
				BAB67C8C187FDEA10013F331 /* UIImage+SliceImages.m */,
				BAB67C93187FF0590013F331 /* UIImage+ResizeImage.h */,
				BAB67C94187FF0590013F331 /* UIImage+ResizeImage.m */,
				BAB67C9E188004660013F331 /* UIImage+Color.h */,
				BAB67C9F188004660013F331 /* UIImage+Color.m */,
			);
			path = "Image Utility";
			sourceTree = "<group>";
		};
/* End PBXGroup section */

/* Begin PBXNativeTarget section */
		BAF63B97187EA2AF00D247D2 /* SliderPuzzle */ = {
			isa = PBXNativeTarget;
			buildConfigurationList = BAF63BCA187EA2AF00D247D2 /* Build configuration list for PBXNativeTarget "SliderPuzzle" */;
			buildPhases = (
				96322C9AC5934ABCB9AB598E /* Check Pods Manifest.lock */,
				BAF63B94187EA2AF00D247D2 /* Sources */,
				BAF63B95187EA2AF00D247D2 /* Frameworks */,
				BAF63B96187EA2AF00D247D2 /* Resources */,
				7160841E232A48359F43EFE9 /* Copy Pods Resources */,
			);
			buildRules = (
			);
			dependencies = (
			);
			name = SliderPuzzle;
			productName = SliderPuzzle;
			productReference = BAF63B98187EA2AF00D247D2 /* SliderPuzzle.app */;
			productType = "com.apple.product-type.application";
		};
		BAF63BB8187EA2AF00D247D2 /* SliderPuzzleTests */ = {
			isa = PBXNativeTarget;
			buildConfigurationList = BAF63BCD187EA2AF00D247D2 /* Build configuration list for PBXNativeTarget "SliderPuzzleTests" */;
			buildPhases = (
				BAF63BB5187EA2AF00D247D2 /* Sources */,
				BAF63BB6187EA2AF00D247D2 /* Frameworks */,
				BAF63BB7187EA2AF00D247D2 /* Resources */,
			);
			buildRules = (
			);
			dependencies = (
				BAF63BBF187EA2AF00D247D2 /* PBXTargetDependency */,
			);
			name = SliderPuzzleTests;
			productName = SliderPuzzleTests;
			productReference = BAF63BB9187EA2AF00D247D2 /* SliderPuzzleTests.xctest */;
			productType = "com.apple.product-type.bundle.unit-test";
		};
/* End PBXNativeTarget section */

/* Begin PBXProject section */
		BAF63B90187EA2AF00D247D2 /* Project object */ = {
			isa = PBXProject;
			attributes = {
				CLASSPREFIX = SP;
				LastUpgradeCheck = 0510;
				ORGANIZATIONNAME = Kinwo.net;
				TargetAttributes = {
					BAF63B97187EA2AF00D247D2 = {
						DevelopmentTeam = 62FMGDF5G5;
						SystemCapabilities = {
							com.apple.GameCenter = {
								enabled = 1;
							};
						};
					};
					BAF63BB8187EA2AF00D247D2 = {
						TestTargetID = BAF63B97187EA2AF00D247D2;
					};
				};
			};
			buildConfigurationList = BAF63B93187EA2AF00D247D2 /* Build configuration list for PBXProject "SliderPuzzle" */;
			compatibilityVersion = "Xcode 3.2";
			developmentRegion = English;
			hasScannedForEncodings = 0;
			knownRegions = (
				en,
				Base,
			);
			mainGroup = BAF63B8F187EA2AF00D247D2;
			productRefGroup = BAF63B99187EA2AF00D247D2 /* Products */;
			projectDirPath = "";
			projectRoot = "";
			targets = (
				BAF63B97187EA2AF00D247D2 /* SliderPuzzle */,
				BAF63BB8187EA2AF00D247D2 /* SliderPuzzleTests */,
			);
		};
/* End PBXProject section */

/* Begin PBXResourcesBuildPhase section */
		BAF63B96187EA2AF00D247D2 /* Resources */ = {
			isa = PBXResourcesBuildPhase;
			buildActionMask = 2147483647;
			files = (
				BAAB8DC91914A6F300042F0E /* button_press.wav in Resources */,
				BAAB8DCD1914A6F300042F0E /* nitro.wav in Resources */,
				BABEF9FF18E79F6A00EAF3EE /* Main-iPad.storyboard in Resources */,
				BA99096418BA0B9B00CFBE3E /* release_notes.md in Resources */,
				BA99096318BA0B9B00CFBE3E /* README.md in Resources */,
				BA99095518BA081300CFBE3E /* HappyFox-Condensed.otf in Resources */,
				BA99095618BA081600CFBE3E /* HennyPenny-Regular.ttf in Resources */,
				BAAB8DCC1914A6F300042F0E /* lap.wav in Resources */,
				BAF63BB4187EA2AF00D247D2 /* Images.xcassets in Resources */,
				BAAB8DCB1914A6F300042F0E /* horn.wav in Resources */,
				BA99095118BA061B00CFBE3E /* default.css in Resources */,
				BAAB8DC81914A6F300042F0E /* box.wav in Resources */,
				BAA3C7781882370C0053D42B /* README.md in Resources */,
				BAF63BA6187EA2AF00D247D2 /* InfoPlist.strings in Resources */,
				BAF63BAF187EA2AF00D247D2 /* Main-iPhone.storyboard in Resources */,
			);
			runOnlyForDeploymentPostprocessing = 0;
		};
		BAF63BB7187EA2AF00D247D2 /* Resources */ = {
			isa = PBXResourcesBuildPhase;
			buildActionMask = 2147483647;
			files = (
				BAF63BC5187EA2AF00D247D2 /* InfoPlist.strings in Resources */,
			);
			runOnlyForDeploymentPostprocessing = 0;
		};
/* End PBXResourcesBuildPhase section */

/* Begin PBXShellScriptBuildPhase section */
		7160841E232A48359F43EFE9 /* Copy Pods Resources */ = {
			isa = PBXShellScriptBuildPhase;
			buildActionMask = 2147483647;
			files = (
			);
			inputPaths = (
			);
			name = "Copy Pods Resources";
			outputPaths = (
			);
			runOnlyForDeploymentPostprocessing = 0;
			shellPath = /bin/sh;
			shellScript = "\"${SRCROOT}/Pods/Pods-resources.sh\"\n";
			showEnvVarsInLog = 0;
		};
		96322C9AC5934ABCB9AB598E /* Check Pods Manifest.lock */ = {
			isa = PBXShellScriptBuildPhase;
			buildActionMask = 2147483647;
			files = (
			);
			inputPaths = (
			);
			name = "Check Pods Manifest.lock";
			outputPaths = (
			);
			runOnlyForDeploymentPostprocessing = 0;
			shellPath = /bin/sh;
			shellScript = "diff \"${PODS_ROOT}/../Podfile.lock\" \"${PODS_ROOT}/Manifest.lock\" > /dev/null\nif [[ $? != 0 ]] ; then\n    cat << EOM\nerror: The sandbox is not in sync with the Podfile.lock. Run 'pod install' or update your CocoaPods installation.\nEOM\n    exit 1\nfi\n";
			showEnvVarsInLog = 0;
		};
/* End PBXShellScriptBuildPhase section */

/* Begin PBXSourcesBuildPhase section */
		BAF63B94187EA2AF00D247D2 /* Sources */ = {
			isa = PBXSourcesBuildPhase;
			buildActionMask = 2147483647;
			files = (
				BAF9DFA3187EA6120098D7B4 /* SPTile.m in Sources */,
				BA78393618B827EE00434653 /* MKParallaxView.m in Sources */,
				BAF63BA8187EA2AF00D247D2 /* main.m in Sources */,
				BA78393518B827EE00434653 /* MKParallaxManager.m in Sources */,
				BAB67C9D187FF9500013F331 /* NSMutableArray+ScramblePosition.m in Sources */,
				BAA24C4419566F97000792C6 /* SPGameBoardModelContainer.m in Sources */,
				BAA24C4719566FB5000792C6 /* SPTileAnimationIntention.m in Sources */,
				BAB5CEA519160136002AF300 /* SKTAudio.m in Sources */,
				BAA24C4019566F76000792C6 /* SPTileMotionHandler.m in Sources */,
				BAB5CEA9191601C2002AF300 /* SPAlertPresenter.m in Sources */,
				BAF63BB2187EA2AF00D247D2 /* SPGameBoardViewController.m in Sources */,
				BAB67C8D187FDEA10013F331 /* UIImage+SliceImages.m in Sources */,
				BAB67CA318801EE40013F331 /* SPPuzzleBoard.m in Sources */,
				BAB67CA0188004660013F331 /* UIImage+Color.m in Sources */,
				BAB5CEA419160136002AF300 /* NSObject+SoundPlay.m in Sources */,
				BAB5CEA319160136002AF300 /* GameKitHelper.m in Sources */,
				BAF63BAC187EA2AF00D247D2 /* SPAppDelegate.m in Sources */,
				BAAB8DC019148DC000042F0E /* SPHomeViewController.m in Sources */,
				BAB67C95187FF0590013F331 /* UIImage+ResizeImage.m in Sources */,
				BA24058F1880BCF4009BDC5D /* SPTilesMatrix.m in Sources */,
				BA78393418B827EE00434653 /* MKGyroManager.m in Sources */,
				BA5B19C518B04297005DCBE8 /* UIImage+ProportionalFill.m in Sources */,
			);
			runOnlyForDeploymentPostprocessing = 0;
		};
		BAF63BB5187EA2AF00D247D2 /* Sources */ = {
			isa = PBXSourcesBuildPhase;
			buildActionMask = 2147483647;
			files = (
				BAF63BC7187EA2AF00D247D2 /* SliderPuzzleTests.m in Sources */,
			);
			runOnlyForDeploymentPostprocessing = 0;
		};
/* End PBXSourcesBuildPhase section */

/* Begin PBXTargetDependency section */
		BAF63BBF187EA2AF00D247D2 /* PBXTargetDependency */ = {
			isa = PBXTargetDependency;
			target = BAF63B97187EA2AF00D247D2 /* SliderPuzzle */;
			targetProxy = BAF63BBE187EA2AF00D247D2 /* PBXContainerItemProxy */;
		};
/* End PBXTargetDependency section */

/* Begin PBXVariantGroup section */
		BABEF9FD18E79F6A00EAF3EE /* Main-iPad.storyboard */ = {
			isa = PBXVariantGroup;
			children = (
				BABEF9FE18E79F6A00EAF3EE /* Base */,
			);
			name = "Main-iPad.storyboard";
			sourceTree = "<group>";
		};
		BAF63BA4187EA2AF00D247D2 /* InfoPlist.strings */ = {
			isa = PBXVariantGroup;
			children = (
				BAF63BA5187EA2AF00D247D2 /* en */,
			);
			name = InfoPlist.strings;
			sourceTree = "<group>";
		};
		BAF63BAD187EA2AF00D247D2 /* Main-iPhone.storyboard */ = {
			isa = PBXVariantGroup;
			children = (
				BAF63BAE187EA2AF00D247D2 /* Base */,
			);
			name = "Main-iPhone.storyboard";
			sourceTree = "<group>";
		};
		BAF63BC3187EA2AF00D247D2 /* InfoPlist.strings */ = {
			isa = PBXVariantGroup;
			children = (
				BAF63BC4187EA2AF00D247D2 /* en */,
			);
			name = InfoPlist.strings;
			sourceTree = "<group>";
		};
/* End PBXVariantGroup section */

/* Begin XCBuildConfiguration section */
		BAF63BC8187EA2AF00D247D2 /* Debug */ = {
			isa = XCBuildConfiguration;
			buildSettings = {
				ALWAYS_SEARCH_USER_PATHS = NO;
				CLANG_CXX_LANGUAGE_STANDARD = "gnu++0x";
				CLANG_CXX_LIBRARY = "libc++";
				CLANG_ENABLE_MODULES = YES;
				CLANG_ENABLE_OBJC_ARC = YES;
				CLANG_WARN_BOOL_CONVERSION = YES;
				CLANG_WARN_CONSTANT_CONVERSION = YES;
				CLANG_WARN_DIRECT_OBJC_ISA_USAGE = YES_ERROR;
				CLANG_WARN_EMPTY_BODY = YES;
				CLANG_WARN_ENUM_CONVERSION = YES;
				CLANG_WARN_INT_CONVERSION = YES;
				CLANG_WARN_OBJC_ROOT_CLASS = YES_ERROR;
				CLANG_WARN__DUPLICATE_METHOD_MATCH = YES;
				"CODE_SIGN_IDENTITY[sdk=iphoneos*]" = "iPhone Developer";
				COPY_PHASE_STRIP = NO;
				GCC_C_LANGUAGE_STANDARD = gnu99;
				GCC_DYNAMIC_NO_PIC = NO;
				GCC_OPTIMIZATION_LEVEL = 0;
				GCC_PREPROCESSOR_DEFINITIONS = (
					"DEBUG=1",
					"$(inherited)",
				);
				GCC_SYMBOLS_PRIVATE_EXTERN = NO;
				GCC_WARN_64_TO_32_BIT_CONVERSION = YES;
				GCC_WARN_ABOUT_RETURN_TYPE = YES_ERROR;
				GCC_WARN_UNDECLARED_SELECTOR = YES;
				GCC_WARN_UNINITIALIZED_AUTOS = YES;
				GCC_WARN_UNUSED_FUNCTION = YES;
				GCC_WARN_UNUSED_VARIABLE = YES;
				IPHONEOS_DEPLOYMENT_TARGET = 7.0;
				ONLY_ACTIVE_ARCH = YES;
				SDKROOT = iphoneos;
			};
			name = Debug;
		};
		BAF63BC9187EA2AF00D247D2 /* Release */ = {
			isa = XCBuildConfiguration;
			buildSettings = {
				ALWAYS_SEARCH_USER_PATHS = NO;
				CLANG_CXX_LANGUAGE_STANDARD = "gnu++0x";
				CLANG_CXX_LIBRARY = "libc++";
				CLANG_ENABLE_MODULES = YES;
				CLANG_ENABLE_OBJC_ARC = YES;
				CLANG_WARN_BOOL_CONVERSION = YES;
				CLANG_WARN_CONSTANT_CONVERSION = YES;
				CLANG_WARN_DIRECT_OBJC_ISA_USAGE = YES_ERROR;
				CLANG_WARN_EMPTY_BODY = YES;
				CLANG_WARN_ENUM_CONVERSION = YES;
				CLANG_WARN_INT_CONVERSION = YES;
				CLANG_WARN_OBJC_ROOT_CLASS = YES_ERROR;
				CLANG_WARN__DUPLICATE_METHOD_MATCH = YES;
				"CODE_SIGN_IDENTITY[sdk=iphoneos*]" = "iPhone Developer";
				COPY_PHASE_STRIP = YES;
				ENABLE_NS_ASSERTIONS = NO;
				GCC_C_LANGUAGE_STANDARD = gnu99;
				GCC_WARN_64_TO_32_BIT_CONVERSION = YES;
				GCC_WARN_ABOUT_RETURN_TYPE = YES_ERROR;
				GCC_WARN_UNDECLARED_SELECTOR = YES;
				GCC_WARN_UNINITIALIZED_AUTOS = YES;
				GCC_WARN_UNUSED_FUNCTION = YES;
				GCC_WARN_UNUSED_VARIABLE = YES;
				IPHONEOS_DEPLOYMENT_TARGET = 7.0;
				SDKROOT = iphoneos;
				VALIDATE_PRODUCT = YES;
			};
			name = Release;
		};
		BAF63BCB187EA2AF00D247D2 /* Debug */ = {
			isa = XCBuildConfiguration;
			baseConfigurationReference = 490FEF45E58440E494FA125B /* Pods.xcconfig */;
			buildSettings = {
				ARCHS = "$(ARCHS_STANDARD)";
				ASSETCATALOG_COMPILER_APPICON_NAME = AppIcon;
				ASSETCATALOG_COMPILER_LAUNCHIMAGE_NAME = LaunchImage;
				CODE_SIGN_IDENTITY = "iPhone Developer";
				"CODE_SIGN_IDENTITY[sdk=iphoneos*]" = "iPhone Developer";
				FRAMEWORK_SEARCH_PATHS = (
					"$(inherited)",
					/Users/henry/Documents/SliderPuzzle/ThirdPartyLibs/Socialize.embeddedframework,
					/Users/henry/Documents/SliderPuzzle/ThirdPartyLibs,
				);
				GCC_GENERATE_TEST_COVERAGE_FILES = YES;
				GCC_INSTRUMENT_PROGRAM_FLOW_ARCS = YES;
				GCC_PRECOMPILE_PREFIX_HEADER = YES;
				GCC_PREFIX_HEADER = "SliderPuzzle/SliderPuzzle-Prefix.pch";
				INFOPLIST_FILE = "SliderPuzzle/SliderPuzzle-Info.plist";
				IPHONEOS_DEPLOYMENT_TARGET = 7.1;
				LIBRARY_SEARCH_PATHS = (
					"$(inherited)",
					/Users/henry/Documents/SliderPuzzle/ThirdPartyLibs/TestFlightSDK3.0.0,
				);
				OTHER_LDFLAGS = (
					"-ObjC",
					"-all_load",
				);
				PRODUCT_NAME = "$(TARGET_NAME)";
				PROVISIONING_PROFILE = "25CA7C76-5AF1-4B6A-87A6-23D6245EED3B";
				TARGETED_DEVICE_FAMILY = "1,2";
				VALID_ARCHS = "armv7 armv7s arm64";
				WRAPPER_EXTENSION = app;
			};
			name = Debug;
		};
		BAF63BCC187EA2AF00D247D2 /* Release */ = {
			isa = XCBuildConfiguration;
			baseConfigurationReference = 490FEF45E58440E494FA125B /* Pods.xcconfig */;
			buildSettings = {
				ARCHS = "$(ARCHS_STANDARD)";
				ASSETCATALOG_COMPILER_APPICON_NAME = AppIcon;
				ASSETCATALOG_COMPILER_LAUNCHIMAGE_NAME = LaunchImage;
				CODE_SIGN_IDENTITY = "iPhone Developer";
				"CODE_SIGN_IDENTITY[sdk=iphoneos*]" = "iPhone Developer";
				FRAMEWORK_SEARCH_PATHS = (
					"$(inherited)",
					/Users/henry/Documents/SliderPuzzle/ThirdPartyLibs/Socialize.embeddedframework,
					/Users/henry/Documents/SliderPuzzle/ThirdPartyLibs,
				);
				GCC_PRECOMPILE_PREFIX_HEADER = YES;
				GCC_PREFIX_HEADER = "SliderPuzzle/SliderPuzzle-Prefix.pch";
				INFOPLIST_FILE = "SliderPuzzle/SliderPuzzle-Info.plist";
				IPHONEOS_DEPLOYMENT_TARGET = 7.1;
				LIBRARY_SEARCH_PATHS = (
					"$(inherited)",
					/Users/henry/Documents/SliderPuzzle/ThirdPartyLibs/TestFlightSDK3.0.0,
				);
				OTHER_LDFLAGS = (
					"-ObjC",
					"-all_load",
				);
				PRODUCT_NAME = "$(TARGET_NAME)";
				PROVISIONING_PROFILE = "25CA7C76-5AF1-4B6A-87A6-23D6245EED3B";
				TARGETED_DEVICE_FAMILY = "1,2";
				VALID_ARCHS = "armv7 armv7s arm64";
				WRAPPER_EXTENSION = app;
			};
			name = Release;
		};
		BAF63BCE187EA2AF00D247D2 /* Debug */ = {
			isa = XCBuildConfiguration;
			buildSettings = {
				BUNDLE_LOADER = "$(BUILT_PRODUCTS_DIR)/SliderPuzzle.app/SliderPuzzle";
				FRAMEWORK_SEARCH_PATHS = (
					"$(SDKROOT)/Developer/Library/Frameworks",
					"$(inherited)",
					"$(DEVELOPER_FRAMEWORKS_DIR)",
					/Users/henry/Documents/SliderPuzzle/ThirdPartyLibs/Reveal,
				);
				GCC_PRECOMPILE_PREFIX_HEADER = YES;
				GCC_PREFIX_HEADER = "SliderPuzzle/SliderPuzzle-Prefix.pch";
				GCC_PREPROCESSOR_DEFINITIONS = (
					"DEBUG=1",
					"$(inherited)",
				);
				INFOPLIST_FILE = "SliderPuzzleTests/SliderPuzzleTests-Info.plist";
				LIBRARY_SEARCH_PATHS = (
					"$(inherited)",
					/Users/henry/Documents/SliderPuzzle/ThirdPartyLibs/Reveal,
				);
				PRODUCT_NAME = "$(TARGET_NAME)";
				TEST_HOST = "$(BUNDLE_LOADER)";
				WRAPPER_EXTENSION = xctest;
			};
			name = Debug;
		};
		BAF63BCF187EA2AF00D247D2 /* Release */ = {
			isa = XCBuildConfiguration;
			buildSettings = {
				BUNDLE_LOADER = "$(BUILT_PRODUCTS_DIR)/SliderPuzzle.app/SliderPuzzle";
				FRAMEWORK_SEARCH_PATHS = (
					"$(SDKROOT)/Developer/Library/Frameworks",
					"$(inherited)",
					"$(DEVELOPER_FRAMEWORKS_DIR)",
					/Users/henry/Documents/SliderPuzzle/ThirdPartyLibs/Reveal,
				);
				GCC_PRECOMPILE_PREFIX_HEADER = YES;
				GCC_PREFIX_HEADER = "SliderPuzzle/SliderPuzzle-Prefix.pch";
				INFOPLIST_FILE = "SliderPuzzleTests/SliderPuzzleTests-Info.plist";
				LIBRARY_SEARCH_PATHS = (
					"$(inherited)",
					/Users/henry/Documents/SliderPuzzle/ThirdPartyLibs/Reveal,
				);
				PRODUCT_NAME = "$(TARGET_NAME)";
				TEST_HOST = "$(BUNDLE_LOADER)";
				WRAPPER_EXTENSION = xctest;
			};
			name = Release;
		};
/* End XCBuildConfiguration section */

/* Begin XCConfigurationList section */
		BAF63B93187EA2AF00D247D2 /* Build configuration list for PBXProject "SliderPuzzle" */ = {
			isa = XCConfigurationList;
			buildConfigurations = (
				BAF63BC8187EA2AF00D247D2 /* Debug */,
				BAF63BC9187EA2AF00D247D2 /* Release */,
			);
			defaultConfigurationIsVisible = 0;
			defaultConfigurationName = Release;
		};
		BAF63BCA187EA2AF00D247D2 /* Build configuration list for PBXNativeTarget "SliderPuzzle" */ = {
			isa = XCConfigurationList;
			buildConfigurations = (
				BAF63BCB187EA2AF00D247D2 /* Debug */,
				BAF63BCC187EA2AF00D247D2 /* Release */,
			);
			defaultConfigurationIsVisible = 0;
			defaultConfigurationName = Release;
		};
		BAF63BCD187EA2AF00D247D2 /* Build configuration list for PBXNativeTarget "SliderPuzzleTests" */ = {
			isa = XCConfigurationList;
			buildConfigurations = (
				BAF63BCE187EA2AF00D247D2 /* Debug */,
				BAF63BCF187EA2AF00D247D2 /* Release */,
			);
			defaultConfigurationIsVisible = 0;
			defaultConfigurationName = Release;
		};
/* End XCConfigurationList section */
	};
	rootObject = BAF63B90187EA2AF00D247D2 /* Project object */;
}
