// !$*UTF8*$!
{
	archiveVersion = 1;
	classes = {
	};
	objectVersion = 46;
	objects = {

/* Begin PBXBuildFile section */
		BA24058F1880BCF4009BDC5D /* SPZTilesMatrix.m in Sources */ = {isa = PBXBuildFile; fileRef = BA24058E1880BCF4009BDC5D /* SPZTilesMatrix.m */; };
		BA2A29B6198D23CD00365377 /* libc++.dylib in Frameworks */ = {isa = PBXBuildFile; fileRef = BA8F6799198D1CE8001BC97D /* libc++.dylib */; };
		BA2A29B7198D245E00365377 /* CoreMotion.framework in Frameworks */ = {isa = PBXBuildFile; fileRef = BA78393B18B83FCE00434653 /* CoreMotion.framework */; };
		BA2A29B8198D246700365377 /* MobileCoreServices.framework in Frameworks */ = {isa = PBXBuildFile; fileRef = BA8F678F198D1C84001BC97D /* MobileCoreServices.framework */; };
		BA2A29B9198D247200365377 /* CoreTelephony.framework in Frameworks */ = {isa = PBXBuildFile; fileRef = BA8F6791198D1C94001BC97D /* CoreTelephony.framework */; };
		BA2A29BA198D248700365377 /* SystemConfiguration.framework in Frameworks */ = {isa = PBXBuildFile; fileRef = BA8F6797198D1CCB001BC97D /* SystemConfiguration.framework */; };
		BA2A29BB198D249500365377 /* OpenGLES.framework in Frameworks */ = {isa = PBXBuildFile; fileRef = BA8F679B198D1CF7001BC97D /* OpenGLES.framework */; };
		BA2A29BC198D24A500365377 /* GLKit.framework in Frameworks */ = {isa = PBXBuildFile; fileRef = BA8F679D198D1D08001BC97D /* GLKit.framework */; };
		BA2A29BD198D24B500365377 /* CoreFoundation.framework in Frameworks */ = {isa = PBXBuildFile; fileRef = BA8F679F198D1D21001BC97D /* CoreFoundation.framework */; };
		BA2E6124198D21DD0019DAAF /* MessageUI.framework in Frameworks */ = {isa = PBXBuildFile; fileRef = BAC6FF1A18AF743D007BCF62 /* MessageUI.framework */; };
		BA2E612C198D227B0019DAAF /* libTestFlight.a in Frameworks */ = {isa = PBXBuildFile; fileRef = BA2E6126198D227B0019DAAF /* libTestFlight.a */; };
		BA2E612F198D22C10019DAAF /* libz.dylib in Frameworks */ = {isa = PBXBuildFile; fileRef = BABBDF8C18868CA70070CD24 /* libz.dylib */; };
		BA77EAE8198DF01500DBD014 /* libGoogleAnalyticsServices.a in Frameworks */ = {isa = PBXBuildFile; fileRef = BA77EAE7198DF01500DBD014 /* libGoogleAnalyticsServices.a */; };
		BA77EAEA198DF03C00DBD014 /* CoreData.framework in Frameworks */ = {isa = PBXBuildFile; fileRef = BA77EAE9198DF03C00DBD014 /* CoreData.framework */; };
		BA77EAED198DF32F00DBD014 /* UIViewController+Analytics.m in Sources */ = {isa = PBXBuildFile; fileRef = BA77EAEC198DF32F00DBD014 /* UIViewController+Analytics.m */; };
		BA77EAEF198DF6BA00DBD014 /* libsqlite3.dylib in Frameworks */ = {isa = PBXBuildFile; fileRef = BA77EAEE198DF6BA00DBD014 /* libsqlite3.dylib */; };
		BA8F6781198CC4C1001BC97D /* SPZMenuContentViewController.m in Sources */ = {isa = PBXBuildFile; fileRef = BA8F6780198CC4C1001BC97D /* SPZMenuContentViewController.m */; };
		BA8F6784198CC678001BC97D /* SPZGameSettingsViewController.m in Sources */ = {isa = PBXBuildFile; fileRef = BA8F6783198CC678001BC97D /* SPZGameSettingsViewController.m */; };
		BA8F6787198CC6D6001BC97D /* SPZPhotosCreditsViewController.m in Sources */ = {isa = PBXBuildFile; fileRef = BA8F6786198CC6D6001BC97D /* SPZPhotosCreditsViewController.m */; };
		BA8F678A198CC733001BC97D /* SPZHowToPlayViewController.m in Sources */ = {isa = PBXBuildFile; fileRef = BA8F6789198CC733001BC97D /* SPZHowToPlayViewController.m */; };
		BA8F6794198D1CA9001BC97D /* AVFoundation.framework in Frameworks */ = {isa = PBXBuildFile; fileRef = BA8F6793198D1CA9001BC97D /* AVFoundation.framework */; };
		BA8F6796198D1CB5001BC97D /* AudioToolbox.framework in Frameworks */ = {isa = PBXBuildFile; fileRef = BA8F6795198D1CB5001BC97D /* AudioToolbox.framework */; };
		BA99095118BA061B00CFBE3E /* default.css in Resources */ = {isa = PBXBuildFile; fileRef = BA99095018BA061B00CFBE3E /* default.css */; };
		BA99095518BA081300CFBE3E /* HappyFox-Condensed.otf in Resources */ = {isa = PBXBuildFile; fileRef = BA99095318BA07DB00CFBE3E /* HappyFox-Condensed.otf */; };
		BA99095618BA081600CFBE3E /* HennyPenny-Regular.ttf in Resources */ = {isa = PBXBuildFile; fileRef = BA99095418BA07DB00CFBE3E /* HennyPenny-Regular.ttf */; };
		BA99095A18BA0B4A00CFBE3E /* PixateFreestyle.framework in Frameworks */ = {isa = PBXBuildFile; fileRef = BA99095918BA0B4A00CFBE3E /* PixateFreestyle.framework */; };
		BAA24C4019566F76000792C6 /* SPZTileMotionHandler.m in Sources */ = {isa = PBXBuildFile; fileRef = BAA24C3F19566F76000792C6 /* SPZTileMotionHandler.m */; };
		BAA24C4419566F97000792C6 /* SPZGameBoardModelContainer.m in Sources */ = {isa = PBXBuildFile; fileRef = BAA24C4319566F97000792C6 /* SPZGameBoardModelContainer.m */; };
		BAA24C4719566FB5000792C6 /* SPZTileAnimationIntention.m in Sources */ = {isa = PBXBuildFile; fileRef = BAA24C4619566FB5000792C6 /* SPZTileAnimationIntention.m */; };
		BAA24C4A19568CBC000792C6 /* SPZShuffleIntention.m in Sources */ = {isa = PBXBuildFile; fileRef = BAA24C4919568CBC000792C6 /* SPZShuffleIntention.m */; };
		BAAB8DC019148DC000042F0E /* SPZMultiGameHomeViewController.m in Sources */ = {isa = PBXBuildFile; fileRef = BAAB8DBF19148DC000042F0E /* SPZMultiGameHomeViewController.m */; };
		BAABA42719891D37007A83E0 /* Retro Game Music.mp3 in Resources */ = {isa = PBXBuildFile; fileRef = BAABA42619891D37007A83E0 /* Retro Game Music.mp3 */; };
		BAABA4291989202A007A83E0 /* 8 bit level cleared and lost.mp3 in Resources */ = {isa = PBXBuildFile; fileRef = BAABA4281989202A007A83E0 /* 8 bit level cleared and lost.mp3 */; };
		BAAD58A7198A276100C74BFB /* CALayer+Additions.m in Sources */ = {isa = PBXBuildFile; fileRef = BAAD58A6198A276100C74BFB /* CALayer+Additions.m */; };
		BAAD58B2198A3B7B00C74BFB /* puzzlebackgroundblur.png in Resources */ = {isa = PBXBuildFile; fileRef = BAAD58B1198A3B7B00C74BFB /* puzzlebackgroundblur.png */; };
		BAAD58B5198A464800C74BFB /* SPZRESideMenuViewController.m in Sources */ = {isa = PBXBuildFile; fileRef = BAAD58B4198A464800C74BFB /* SPZRESideMenuViewController.m */; };
		BAB5CEA319160136002AF300 /* GameKitHelper.m in Sources */ = {isa = PBXBuildFile; fileRef = BAB5CE9E19160136002AF300 /* GameKitHelper.m */; };
		BAB5CEA419160136002AF300 /* NSObject+SoundPlay.m in Sources */ = {isa = PBXBuildFile; fileRef = BAB5CEA019160136002AF300 /* NSObject+SoundPlay.m */; };
		BAB5CEA519160136002AF300 /* SKTAudio.m in Sources */ = {isa = PBXBuildFile; fileRef = BAB5CEA219160136002AF300 /* SKTAudio.m */; };
		BAB5CEA9191601C2002AF300 /* SPZAlertPresenter.m in Sources */ = {isa = PBXBuildFile; fileRef = BAB5CEA8191601C2002AF300 /* SPZAlertPresenter.m */; };
		BAB67C8D187FDEA10013F331 /* UIImage+SliceImages.m in Sources */ = {isa = PBXBuildFile; fileRef = BAB67C8C187FDEA10013F331 /* UIImage+SliceImages.m */; };
		BAB67C95187FF0590013F331 /* UIImage+ResizeImage.m in Sources */ = {isa = PBXBuildFile; fileRef = BAB67C94187FF0590013F331 /* UIImage+ResizeImage.m */; };
		BAB67CA0188004660013F331 /* UIImage+Color.m in Sources */ = {isa = PBXBuildFile; fileRef = BAB67C9F188004660013F331 /* UIImage+Color.m */; };
		BAB67CA318801EE40013F331 /* SPZPuzzleBoard.m in Sources */ = {isa = PBXBuildFile; fileRef = BAB67CA218801EE40013F331 /* SPZPuzzleBoard.m */; };
		BABE6237198499B7003A69B7 /* SPZGestureDelegate.m in Sources */ = {isa = PBXBuildFile; fileRef = BABE6236198499B7003A69B7 /* SPZGestureDelegate.m */; };
		BAC6FF1918AF7437007BCF62 /* CoreLocation.framework in Frameworks */ = {isa = PBXBuildFile; fileRef = BAC6FF1818AF7437007BCF62 /* CoreLocation.framework */; };
		BAC6FF1D18AF7446007BCF62 /* MapKit.framework in Frameworks */ = {isa = PBXBuildFile; fileRef = BAC6FF1C18AF7446007BCF62 /* MapKit.framework */; };
		BAC6FF1F18AF744F007BCF62 /* QuartzCore.framework in Frameworks */ = {isa = PBXBuildFile; fileRef = BAC6FF1E18AF744F007BCF62 /* QuartzCore.framework */; };
		BAC6FF2118AF745B007BCF62 /* AdSupport.framework in Frameworks */ = {isa = PBXBuildFile; fileRef = BAC6FF2018AF745B007BCF62 /* AdSupport.framework */; };
		BAE154E9198D272900A0DA56 /* Instabug.bundle in Resources */ = {isa = PBXBuildFile; fileRef = BAE154E7198D272900A0DA56 /* Instabug.bundle */; };
		BAE154EA198D272900A0DA56 /* Instabug.framework in Frameworks */ = {isa = PBXBuildFile; fileRef = BAE154E8198D272900A0DA56 /* Instabug.framework */; };
		BAF63B9C187EA2AF00D247D2 /* Foundation.framework in Frameworks */ = {isa = PBXBuildFile; fileRef = BAF63B9B187EA2AF00D247D2 /* Foundation.framework */; };
		BAF63B9E187EA2AF00D247D2 /* CoreGraphics.framework in Frameworks */ = {isa = PBXBuildFile; fileRef = BAF63B9D187EA2AF00D247D2 /* CoreGraphics.framework */; };
		BAF63BA0187EA2AF00D247D2 /* UIKit.framework in Frameworks */ = {isa = PBXBuildFile; fileRef = BAF63B9F187EA2AF00D247D2 /* UIKit.framework */; };
		BAF63BA6187EA2AF00D247D2 /* InfoPlist.strings in Resources */ = {isa = PBXBuildFile; fileRef = BAF63BA4187EA2AF00D247D2 /* InfoPlist.strings */; };
		BAF63BA8187EA2AF00D247D2 /* main.m in Sources */ = {isa = PBXBuildFile; fileRef = BAF63BA7187EA2AF00D247D2 /* main.m */; };
		BAF63BAC187EA2AF00D247D2 /* SPZAppDelegate.m in Sources */ = {isa = PBXBuildFile; fileRef = BAF63BAB187EA2AF00D247D2 /* SPZAppDelegate.m */; };
		BAF63BAF187EA2AF00D247D2 /* Main-iPhone.storyboard in Resources */ = {isa = PBXBuildFile; fileRef = BAF63BAD187EA2AF00D247D2 /* Main-iPhone.storyboard */; };
		BAF63BB2187EA2AF00D247D2 /* SPZGameBoardViewController.m in Sources */ = {isa = PBXBuildFile; fileRef = BAF63BB1187EA2AF00D247D2 /* SPZGameBoardViewController.m */; };
		BAF63BB4187EA2AF00D247D2 /* Images.xcassets in Resources */ = {isa = PBXBuildFile; fileRef = BAF63BB3187EA2AF00D247D2 /* Images.xcassets */; };
		BAF63BBB187EA2AF00D247D2 /* XCTest.framework in Frameworks */ = {isa = PBXBuildFile; fileRef = BAF63BBA187EA2AF00D247D2 /* XCTest.framework */; };
		BAF63BBC187EA2AF00D247D2 /* Foundation.framework in Frameworks */ = {isa = PBXBuildFile; fileRef = BAF63B9B187EA2AF00D247D2 /* Foundation.framework */; };
		BAF63BBD187EA2AF00D247D2 /* UIKit.framework in Frameworks */ = {isa = PBXBuildFile; fileRef = BAF63B9F187EA2AF00D247D2 /* UIKit.framework */; };
		BAF63BC5187EA2AF00D247D2 /* InfoPlist.strings in Resources */ = {isa = PBXBuildFile; fileRef = BAF63BC3187EA2AF00D247D2 /* InfoPlist.strings */; };
		BAF63BC7187EA2AF00D247D2 /* SliderPuzzleTests.m in Sources */ = {isa = PBXBuildFile; fileRef = BAF63BC6187EA2AF00D247D2 /* SliderPuzzleTests.m */; };
		BAF9DFA3187EA6120098D7B4 /* SPZTile.m in Sources */ = {isa = PBXBuildFile; fileRef = BAF9DFA2187EA6120098D7B4 /* SPZTile.m */; };
		C4AB03E5B45C4743B3C4C3E3 /* libPods.a in Frameworks */ = {isa = PBXBuildFile; fileRef = E44D2F6A3DB345B4848494A7 /* libPods.a */; };
/* End PBXBuildFile section */

/* Begin PBXContainerItemProxy section */
		BAF63BBE187EA2AF00D247D2 /* PBXContainerItemProxy */ = {
			isa = PBXContainerItemProxy;
			containerPortal = BAF63B90187EA2AF00D247D2 /* Project object */;
			proxyType = 1;
			remoteGlobalIDString = BAF63B97187EA2AF00D247D2;
			remoteInfo = SliderPuzzle;
		};
/* End PBXContainerItemProxy section */

/* Begin PBXFileReference section */
		490FEF45E58440E494FA125B /* Pods.xcconfig */ = {isa = PBXFileReference; includeInIndex = 1; lastKnownFileType = text.xcconfig; name = Pods.xcconfig; path = Pods/Pods.xcconfig; sourceTree = "<group>"; };
		BA24058D1880BCF4009BDC5D /* SPZTilesMatrix.h */ = {isa = PBXFileReference; fileEncoding = 4; lastKnownFileType = sourcecode.c.h; path = SPZTilesMatrix.h; sourceTree = "<group>"; };
		BA24058E1880BCF4009BDC5D /* SPZTilesMatrix.m */ = {isa = PBXFileReference; fileEncoding = 4; lastKnownFileType = sourcecode.c.objc; path = SPZTilesMatrix.m; sourceTree = "<group>"; };
		BA2E6126198D227B0019DAAF /* libTestFlight.a */ = {isa = PBXFileReference; lastKnownFileType = archive.ar; path = libTestFlight.a; sourceTree = "<group>"; };
		BA2E6127198D227B0019DAAF /* README.md */ = {isa = PBXFileReference; fileEncoding = 4; lastKnownFileType = text; path = README.md; sourceTree = "<group>"; };
		BA2E6128198D227B0019DAAF /* release_notes.md */ = {isa = PBXFileReference; fileEncoding = 4; lastKnownFileType = text; path = release_notes.md; sourceTree = "<group>"; };
		BA2E6129198D227B0019DAAF /* TestFlight+AsyncLogging.h */ = {isa = PBXFileReference; fileEncoding = 4; lastKnownFileType = sourcecode.c.h; path = "TestFlight+AsyncLogging.h"; sourceTree = "<group>"; };
		BA2E612A198D227B0019DAAF /* TestFlight+ManualSessions.h */ = {isa = PBXFileReference; fileEncoding = 4; lastKnownFileType = sourcecode.c.h; path = "TestFlight+ManualSessions.h"; sourceTree = "<group>"; };
		BA2E612B198D227B0019DAAF /* TestFlight.h */ = {isa = PBXFileReference; fileEncoding = 4; lastKnownFileType = sourcecode.c.h; path = TestFlight.h; sourceTree = "<group>"; };
		BA77EADE198DF01500DBD014 /* GAI.h */ = {isa = PBXFileReference; fileEncoding = 4; lastKnownFileType = sourcecode.c.h; path = GAI.h; sourceTree = "<group>"; };
		BA77EADF198DF01500DBD014 /* GAIDictionaryBuilder.h */ = {isa = PBXFileReference; fileEncoding = 4; lastKnownFileType = sourcecode.c.h; path = GAIDictionaryBuilder.h; sourceTree = "<group>"; };
		BA77EAE0198DF01500DBD014 /* GAIEcommerceProduct.h */ = {isa = PBXFileReference; fileEncoding = 4; lastKnownFileType = sourcecode.c.h; path = GAIEcommerceProduct.h; sourceTree = "<group>"; };
		BA77EAE1198DF01500DBD014 /* GAIEcommerceProductAction.h */ = {isa = PBXFileReference; fileEncoding = 4; lastKnownFileType = sourcecode.c.h; path = GAIEcommerceProductAction.h; sourceTree = "<group>"; };
		BA77EAE2198DF01500DBD014 /* GAIEcommercePromotion.h */ = {isa = PBXFileReference; fileEncoding = 4; lastKnownFileType = sourcecode.c.h; path = GAIEcommercePromotion.h; sourceTree = "<group>"; };
		BA77EAE3198DF01500DBD014 /* GAIFields.h */ = {isa = PBXFileReference; fileEncoding = 4; lastKnownFileType = sourcecode.c.h; path = GAIFields.h; sourceTree = "<group>"; };
		BA77EAE4198DF01500DBD014 /* GAILogger.h */ = {isa = PBXFileReference; fileEncoding = 4; lastKnownFileType = sourcecode.c.h; path = GAILogger.h; sourceTree = "<group>"; };
		BA77EAE5198DF01500DBD014 /* GAITrackedViewController.h */ = {isa = PBXFileReference; fileEncoding = 4; lastKnownFileType = sourcecode.c.h; path = GAITrackedViewController.h; sourceTree = "<group>"; };
		BA77EAE6198DF01500DBD014 /* GAITracker.h */ = {isa = PBXFileReference; fileEncoding = 4; lastKnownFileType = sourcecode.c.h; path = GAITracker.h; sourceTree = "<group>"; };
		BA77EAE7198DF01500DBD014 /* libGoogleAnalyticsServices.a */ = {isa = PBXFileReference; lastKnownFileType = archive.ar; path = libGoogleAnalyticsServices.a; sourceTree = "<group>"; };
		BA77EAE9198DF03C00DBD014 /* CoreData.framework */ = {isa = PBXFileReference; lastKnownFileType = wrapper.framework; name = CoreData.framework; path = System/Library/Frameworks/CoreData.framework; sourceTree = SDKROOT; };
		BA77EAEB198DF32F00DBD014 /* UIViewController+Analytics.h */ = {isa = PBXFileReference; fileEncoding = 4; lastKnownFileType = sourcecode.c.h; path = "UIViewController+Analytics.h"; sourceTree = "<group>"; };
		BA77EAEC198DF32F00DBD014 /* UIViewController+Analytics.m */ = {isa = PBXFileReference; fileEncoding = 4; lastKnownFileType = sourcecode.c.objc; path = "UIViewController+Analytics.m"; sourceTree = "<group>"; };
		BA77EAEE198DF6BA00DBD014 /* libsqlite3.dylib */ = {isa = PBXFileReference; lastKnownFileType = "compiled.mach-o.dylib"; name = libsqlite3.dylib; path = usr/lib/libsqlite3.dylib; sourceTree = SDKROOT; };
		BA78393B18B83FCE00434653 /* CoreMotion.framework */ = {isa = PBXFileReference; lastKnownFileType = wrapper.framework; name = CoreMotion.framework; path = System/Library/Frameworks/CoreMotion.framework; sourceTree = SDKROOT; };
		BA8F677F198CC4C1001BC97D /* SPZMenuContentViewController.h */ = {isa = PBXFileReference; fileEncoding = 4; lastKnownFileType = sourcecode.c.h; path = SPZMenuContentViewController.h; sourceTree = "<group>"; };
		BA8F6780198CC4C1001BC97D /* SPZMenuContentViewController.m */ = {isa = PBXFileReference; fileEncoding = 4; lastKnownFileType = sourcecode.c.objc; path = SPZMenuContentViewController.m; sourceTree = "<group>"; };
		BA8F6782198CC678001BC97D /* SPZGameSettingsViewController.h */ = {isa = PBXFileReference; fileEncoding = 4; lastKnownFileType = sourcecode.c.h; path = SPZGameSettingsViewController.h; sourceTree = "<group>"; };
		BA8F6783198CC678001BC97D /* SPZGameSettingsViewController.m */ = {isa = PBXFileReference; fileEncoding = 4; lastKnownFileType = sourcecode.c.objc; path = SPZGameSettingsViewController.m; sourceTree = "<group>"; };
		BA8F6785198CC6D6001BC97D /* SPZPhotosCreditsViewController.h */ = {isa = PBXFileReference; fileEncoding = 4; lastKnownFileType = sourcecode.c.h; path = SPZPhotosCreditsViewController.h; sourceTree = "<group>"; };
		BA8F6786198CC6D6001BC97D /* SPZPhotosCreditsViewController.m */ = {isa = PBXFileReference; fileEncoding = 4; lastKnownFileType = sourcecode.c.objc; path = SPZPhotosCreditsViewController.m; sourceTree = "<group>"; };
		BA8F6788198CC733001BC97D /* SPZHowToPlayViewController.h */ = {isa = PBXFileReference; fileEncoding = 4; lastKnownFileType = sourcecode.c.h; path = SPZHowToPlayViewController.h; sourceTree = "<group>"; };
		BA8F6789198CC733001BC97D /* SPZHowToPlayViewController.m */ = {isa = PBXFileReference; fileEncoding = 4; lastKnownFileType = sourcecode.c.objc; path = SPZHowToPlayViewController.m; sourceTree = "<group>"; };
		BA8F678F198D1C84001BC97D /* MobileCoreServices.framework */ = {isa = PBXFileReference; lastKnownFileType = wrapper.framework; name = MobileCoreServices.framework; path = System/Library/Frameworks/MobileCoreServices.framework; sourceTree = SDKROOT; };
		BA8F6791198D1C94001BC97D /* CoreTelephony.framework */ = {isa = PBXFileReference; lastKnownFileType = wrapper.framework; name = CoreTelephony.framework; path = System/Library/Frameworks/CoreTelephony.framework; sourceTree = SDKROOT; };
		BA8F6793198D1CA9001BC97D /* AVFoundation.framework */ = {isa = PBXFileReference; lastKnownFileType = wrapper.framework; name = AVFoundation.framework; path = System/Library/Frameworks/AVFoundation.framework; sourceTree = SDKROOT; };
		BA8F6795198D1CB5001BC97D /* AudioToolbox.framework */ = {isa = PBXFileReference; lastKnownFileType = wrapper.framework; name = AudioToolbox.framework; path = System/Library/Frameworks/AudioToolbox.framework; sourceTree = SDKROOT; };
		BA8F6797198D1CCB001BC97D /* SystemConfiguration.framework */ = {isa = PBXFileReference; lastKnownFileType = wrapper.framework; name = SystemConfiguration.framework; path = System/Library/Frameworks/SystemConfiguration.framework; sourceTree = SDKROOT; };
		BA8F6799198D1CE8001BC97D /* libc++.dylib */ = {isa = PBXFileReference; lastKnownFileType = "compiled.mach-o.dylib"; name = "libc++.dylib"; path = "usr/lib/libc++.dylib"; sourceTree = SDKROOT; };
		BA8F679B198D1CF7001BC97D /* OpenGLES.framework */ = {isa = PBXFileReference; lastKnownFileType = wrapper.framework; name = OpenGLES.framework; path = System/Library/Frameworks/OpenGLES.framework; sourceTree = SDKROOT; };
		BA8F679D198D1D08001BC97D /* GLKit.framework */ = {isa = PBXFileReference; lastKnownFileType = wrapper.framework; name = GLKit.framework; path = System/Library/Frameworks/GLKit.framework; sourceTree = SDKROOT; };
		BA8F679F198D1D21001BC97D /* CoreFoundation.framework */ = {isa = PBXFileReference; lastKnownFileType = wrapper.framework; name = CoreFoundation.framework; path = System/Library/Frameworks/CoreFoundation.framework; sourceTree = SDKROOT; };
		BA99095018BA061B00CFBE3E /* default.css */ = {isa = PBXFileReference; fileEncoding = 4; lastKnownFileType = text.css; path = default.css; sourceTree = "<group>"; };
		BA99095318BA07DB00CFBE3E /* HappyFox-Condensed.otf */ = {isa = PBXFileReference; lastKnownFileType = file; path = "HappyFox-Condensed.otf"; sourceTree = "<group>"; };
		BA99095418BA07DB00CFBE3E /* HennyPenny-Regular.ttf */ = {isa = PBXFileReference; lastKnownFileType = file; path = "HennyPenny-Regular.ttf"; sourceTree = "<group>"; };
		BA99095918BA0B4A00CFBE3E /* PixateFreestyle.framework */ = {isa = PBXFileReference; lastKnownFileType = wrapper.framework; name = PixateFreestyle.framework; path = ThirdPartyLibs/PixateFreestyle.framework; sourceTree = "<group>"; };
		BAA24C3E19566F76000792C6 /* SPZTileMotionHandler.h */ = {isa = PBXFileReference; fileEncoding = 4; lastKnownFileType = sourcecode.c.h; path = SPZTileMotionHandler.h; sourceTree = "<group>"; };
		BAA24C3F19566F76000792C6 /* SPZTileMotionHandler.m */ = {isa = PBXFileReference; fileEncoding = 4; lastKnownFileType = sourcecode.c.objc; path = SPZTileMotionHandler.m; sourceTree = "<group>"; };
		BAA24C4219566F97000792C6 /* SPZGameBoardModelContainer.h */ = {isa = PBXFileReference; fileEncoding = 4; lastKnownFileType = sourcecode.c.h; path = SPZGameBoardModelContainer.h; sourceTree = "<group>"; };
		BAA24C4319566F97000792C6 /* SPZGameBoardModelContainer.m */ = {isa = PBXFileReference; fileEncoding = 4; lastKnownFileType = sourcecode.c.objc; path = SPZGameBoardModelContainer.m; sourceTree = "<group>"; };
		BAA24C4519566FB5000792C6 /* SPZTileAnimationIntention.h */ = {isa = PBXFileReference; fileEncoding = 4; lastKnownFileType = sourcecode.c.h; path = SPZTileAnimationIntention.h; sourceTree = "<group>"; };
		BAA24C4619566FB5000792C6 /* SPZTileAnimationIntention.m */ = {isa = PBXFileReference; fileEncoding = 4; lastKnownFileType = sourcecode.c.objc; path = SPZTileAnimationIntention.m; sourceTree = "<group>"; };
		BAA24C4819568CBC000792C6 /* SPZShuffleIntention.h */ = {isa = PBXFileReference; fileEncoding = 4; lastKnownFileType = sourcecode.c.h; path = SPZShuffleIntention.h; sourceTree = "<group>"; };
		BAA24C4919568CBC000792C6 /* SPZShuffleIntention.m */ = {isa = PBXFileReference; fileEncoding = 4; lastKnownFileType = sourcecode.c.objc; path = SPZShuffleIntention.m; sourceTree = "<group>"; };
		BAA3C7771882370C0053D42B /* README.md */ = {isa = PBXFileReference; fileEncoding = 4; lastKnownFileType = text; name = README.md; path = ../README.md; sourceTree = "<group>"; };
		BAAB8DBE19148DC000042F0E /* SPZMultiGameHomeViewController.h */ = {isa = PBXFileReference; fileEncoding = 4; lastKnownFileType = sourcecode.c.h; name = SPZMultiGameHomeViewController.h; path = ../SPZMultiGameHomeViewController.h; sourceTree = "<group>"; };
		BAAB8DBF19148DC000042F0E /* SPZMultiGameHomeViewController.m */ = {isa = PBXFileReference; fileEncoding = 4; lastKnownFileType = sourcecode.c.objc; name = SPZMultiGameHomeViewController.m; path = ../SPZMultiGameHomeViewController.m; sourceTree = "<group>"; };
		BAABA42619891D37007A83E0 /* Retro Game Music.mp3 */ = {isa = PBXFileReference; lastKnownFileType = audio.mp3; path = "Retro Game Music.mp3"; sourceTree = "<group>"; };
		BAABA4281989202A007A83E0 /* 8 bit level cleared and lost.mp3 */ = {isa = PBXFileReference; lastKnownFileType = audio.mp3; path = "8 bit level cleared and lost.mp3"; sourceTree = "<group>"; };
		BAAD58A5198A276100C74BFB /* CALayer+Additions.h */ = {isa = PBXFileReference; fileEncoding = 4; lastKnownFileType = sourcecode.c.h; path = "CALayer+Additions.h"; sourceTree = "<group>"; };
		BAAD58A6198A276100C74BFB /* CALayer+Additions.m */ = {isa = PBXFileReference; fileEncoding = 4; lastKnownFileType = sourcecode.c.objc; path = "CALayer+Additions.m"; sourceTree = "<group>"; };
		BAAD58B1198A3B7B00C74BFB /* puzzlebackgroundblur.png */ = {isa = PBXFileReference; lastKnownFileType = image.png; path = puzzlebackgroundblur.png; sourceTree = "<group>"; };
		BAAD58B3198A464800C74BFB /* SPZRESideMenuViewController.h */ = {isa = PBXFileReference; fileEncoding = 4; lastKnownFileType = sourcecode.c.h; path = SPZRESideMenuViewController.h; sourceTree = "<group>"; };
		BAAD58B4198A464800C74BFB /* SPZRESideMenuViewController.m */ = {isa = PBXFileReference; fileEncoding = 4; lastKnownFileType = sourcecode.c.objc; path = SPZRESideMenuViewController.m; sourceTree = "<group>"; };
		BAB5CE9D19160136002AF300 /* GameKitHelper.h */ = {isa = PBXFileReference; fileEncoding = 4; lastKnownFileType = sourcecode.c.h; path = GameKitHelper.h; sourceTree = "<group>"; };
		BAB5CE9E19160136002AF300 /* GameKitHelper.m */ = {isa = PBXFileReference; fileEncoding = 4; lastKnownFileType = sourcecode.c.objc; path = GameKitHelper.m; sourceTree = "<group>"; };
		BAB5CE9F19160136002AF300 /* NSObject+SoundPlay.h */ = {isa = PBXFileReference; fileEncoding = 4; lastKnownFileType = sourcecode.c.h; path = "NSObject+SoundPlay.h"; sourceTree = "<group>"; };
		BAB5CEA019160136002AF300 /* NSObject+SoundPlay.m */ = {isa = PBXFileReference; fileEncoding = 4; lastKnownFileType = sourcecode.c.objc; path = "NSObject+SoundPlay.m"; sourceTree = "<group>"; };
		BAB5CEA119160136002AF300 /* SKTAudio.h */ = {isa = PBXFileReference; fileEncoding = 4; lastKnownFileType = sourcecode.c.h; path = SKTAudio.h; sourceTree = "<group>"; };
		BAB5CEA219160136002AF300 /* SKTAudio.m */ = {isa = PBXFileReference; fileEncoding = 4; lastKnownFileType = sourcecode.c.objc; path = SKTAudio.m; sourceTree = "<group>"; };
		BAB5CEA7191601C2002AF300 /* SPZAlertPresenter.h */ = {isa = PBXFileReference; fileEncoding = 4; lastKnownFileType = sourcecode.c.h; name = SPZAlertPresenter.h; path = "SliderPuzzle/UI Utility/SPZAlertPresenter.h"; sourceTree = SOURCE_ROOT; };
		BAB5CEA8191601C2002AF300 /* SPZAlertPresenter.m */ = {isa = PBXFileReference; fileEncoding = 4; lastKnownFileType = sourcecode.c.objc; name = SPZAlertPresenter.m; path = "SliderPuzzle/UI Utility/SPZAlertPresenter.m"; sourceTree = SOURCE_ROOT; };
		BAB67C8B187FDEA10013F331 /* UIImage+SliceImages.h */ = {isa = PBXFileReference; fileEncoding = 4; lastKnownFileType = sourcecode.c.h; path = "UIImage+SliceImages.h"; sourceTree = "<group>"; };
		BAB67C8C187FDEA10013F331 /* UIImage+SliceImages.m */ = {isa = PBXFileReference; fileEncoding = 4; lastKnownFileType = sourcecode.c.objc; path = "UIImage+SliceImages.m"; sourceTree = "<group>"; };
		BAB67C93187FF0590013F331 /* UIImage+ResizeImage.h */ = {isa = PBXFileReference; fileEncoding = 4; lastKnownFileType = sourcecode.c.h; path = "UIImage+ResizeImage.h"; sourceTree = "<group>"; };
		BAB67C94187FF0590013F331 /* UIImage+ResizeImage.m */ = {isa = PBXFileReference; fileEncoding = 4; lastKnownFileType = sourcecode.c.objc; path = "UIImage+ResizeImage.m"; sourceTree = "<group>"; };
		BAB67C9E188004660013F331 /* UIImage+Color.h */ = {isa = PBXFileReference; fileEncoding = 4; lastKnownFileType = sourcecode.c.h; path = "UIImage+Color.h"; sourceTree = "<group>"; };
		BAB67C9F188004660013F331 /* UIImage+Color.m */ = {isa = PBXFileReference; fileEncoding = 4; lastKnownFileType = sourcecode.c.objc; path = "UIImage+Color.m"; sourceTree = "<group>"; };
		BAB67CA118801EE40013F331 /* SPZPuzzleBoard.h */ = {isa = PBXFileReference; fileEncoding = 4; lastKnownFileType = sourcecode.c.h; path = SPZPuzzleBoard.h; sourceTree = "<group>"; };
		BAB67CA218801EE40013F331 /* SPZPuzzleBoard.m */ = {isa = PBXFileReference; fileEncoding = 4; lastKnownFileType = sourcecode.c.objc; path = SPZPuzzleBoard.m; sourceTree = "<group>"; };
		BABBDF8C18868CA70070CD24 /* libz.dylib */ = {isa = PBXFileReference; lastKnownFileType = "compiled.mach-o.dylib"; name = libz.dylib; path = usr/lib/libz.dylib; sourceTree = SDKROOT; };
		BABE6235198499B7003A69B7 /* SPZGestureDelegate.h */ = {isa = PBXFileReference; fileEncoding = 4; lastKnownFileType = sourcecode.c.h; path = SPZGestureDelegate.h; sourceTree = "<group>"; };
		BABE6236198499B7003A69B7 /* SPZGestureDelegate.m */ = {isa = PBXFileReference; fileEncoding = 4; lastKnownFileType = sourcecode.c.objc; path = SPZGestureDelegate.m; sourceTree = "<group>"; };
		BAC6FF1818AF7437007BCF62 /* CoreLocation.framework */ = {isa = PBXFileReference; lastKnownFileType = wrapper.framework; name = CoreLocation.framework; path = System/Library/Frameworks/CoreLocation.framework; sourceTree = SDKROOT; };
		BAC6FF1A18AF743D007BCF62 /* MessageUI.framework */ = {isa = PBXFileReference; lastKnownFileType = wrapper.framework; name = MessageUI.framework; path = System/Library/Frameworks/MessageUI.framework; sourceTree = SDKROOT; };
		BAC6FF1C18AF7446007BCF62 /* MapKit.framework */ = {isa = PBXFileReference; lastKnownFileType = wrapper.framework; name = MapKit.framework; path = System/Library/Frameworks/MapKit.framework; sourceTree = SDKROOT; };
		BAC6FF1E18AF744F007BCF62 /* QuartzCore.framework */ = {isa = PBXFileReference; lastKnownFileType = wrapper.framework; name = QuartzCore.framework; path = System/Library/Frameworks/QuartzCore.framework; sourceTree = SDKROOT; };
		BAC6FF2018AF745B007BCF62 /* AdSupport.framework */ = {isa = PBXFileReference; lastKnownFileType = wrapper.framework; name = AdSupport.framework; path = System/Library/Frameworks/AdSupport.framework; sourceTree = SDKROOT; };
		BACC3E1A198F8FCF00679D44 /* SPZConstants.h */ = {isa = PBXFileReference; fileEncoding = 4; lastKnownFileType = sourcecode.c.h; path = SPZConstants.h; sourceTree = "<group>"; };
		BAE154E7198D272900A0DA56 /* Instabug.bundle */ = {isa = PBXFileReference; lastKnownFileType = "wrapper.plug-in"; path = Instabug.bundle; sourceTree = "<group>"; };
		BAE154E8198D272900A0DA56 /* Instabug.framework */ = {isa = PBXFileReference; lastKnownFileType = wrapper.framework; path = Instabug.framework; sourceTree = "<group>"; };
		BAF63B98187EA2AF00D247D2 /* SliderPuzzle.app */ = {isa = PBXFileReference; explicitFileType = wrapper.application; includeInIndex = 0; path = SliderPuzzle.app; sourceTree = BUILT_PRODUCTS_DIR; };
		BAF63B9B187EA2AF00D247D2 /* Foundation.framework */ = {isa = PBXFileReference; lastKnownFileType = wrapper.framework; name = Foundation.framework; path = System/Library/Frameworks/Foundation.framework; sourceTree = SDKROOT; };
		BAF63B9D187EA2AF00D247D2 /* CoreGraphics.framework */ = {isa = PBXFileReference; lastKnownFileType = wrapper.framework; name = CoreGraphics.framework; path = System/Library/Frameworks/CoreGraphics.framework; sourceTree = SDKROOT; };
		BAF63B9F187EA2AF00D247D2 /* UIKit.framework */ = {isa = PBXFileReference; lastKnownFileType = wrapper.framework; name = UIKit.framework; path = System/Library/Frameworks/UIKit.framework; sourceTree = SDKROOT; };
		BAF63BA3187EA2AF00D247D2 /* SliderPuzzle-Info.plist */ = {isa = PBXFileReference; lastKnownFileType = text.plist.xml; path = "SliderPuzzle-Info.plist"; sourceTree = "<group>"; };
		BAF63BA5187EA2AF00D247D2 /* en */ = {isa = PBXFileReference; lastKnownFileType = text.plist.strings; name = en; path = en.lproj/InfoPlist.strings; sourceTree = "<group>"; };
		BAF63BA7187EA2AF00D247D2 /* main.m */ = {isa = PBXFileReference; lastKnownFileType = sourcecode.c.objc; path = main.m; sourceTree = "<group>"; };
		BAF63BA9187EA2AF00D247D2 /* SliderPuzzle-Prefix.pch */ = {isa = PBXFileReference; lastKnownFileType = sourcecode.c.h; path = "SliderPuzzle-Prefix.pch"; sourceTree = "<group>"; };
		BAF63BAA187EA2AF00D247D2 /* SPZAppDelegate.h */ = {isa = PBXFileReference; lastKnownFileType = sourcecode.c.h; path = SPZAppDelegate.h; sourceTree = "<group>"; };
		BAF63BAB187EA2AF00D247D2 /* SPZAppDelegate.m */ = {isa = PBXFileReference; lastKnownFileType = sourcecode.c.objc; path = SPZAppDelegate.m; sourceTree = "<group>"; };
		BAF63BAE187EA2AF00D247D2 /* Base */ = {isa = PBXFileReference; lastKnownFileType = file.storyboard; name = Base; path = "Base.lproj/Main-iPhone.storyboard"; sourceTree = "<group>"; };
		BAF63BB0187EA2AF00D247D2 /* SPZGameBoardViewController.h */ = {isa = PBXFileReference; lastKnownFileType = sourcecode.c.h; path = SPZGameBoardViewController.h; sourceTree = "<group>"; };
		BAF63BB1187EA2AF00D247D2 /* SPZGameBoardViewController.m */ = {isa = PBXFileReference; lastKnownFileType = sourcecode.c.objc; path = SPZGameBoardViewController.m; sourceTree = "<group>"; };
		BAF63BB3187EA2AF00D247D2 /* Images.xcassets */ = {isa = PBXFileReference; lastKnownFileType = folder.assetcatalog; path = Images.xcassets; sourceTree = "<group>"; };
		BAF63BB9187EA2AF00D247D2 /* SliderPuzzleTests.xctest */ = {isa = PBXFileReference; explicitFileType = wrapper.cfbundle; includeInIndex = 0; path = SliderPuzzleTests.xctest; sourceTree = BUILT_PRODUCTS_DIR; };
		BAF63BBA187EA2AF00D247D2 /* XCTest.framework */ = {isa = PBXFileReference; lastKnownFileType = wrapper.framework; name = XCTest.framework; path = Library/Frameworks/XCTest.framework; sourceTree = DEVELOPER_DIR; };
		BAF63BC2187EA2AF00D247D2 /* SliderPuzzleTests-Info.plist */ = {isa = PBXFileReference; lastKnownFileType = text.plist.xml; path = "SliderPuzzleTests-Info.plist"; sourceTree = "<group>"; };
		BAF63BC4187EA2AF00D247D2 /* en */ = {isa = PBXFileReference; lastKnownFileType = text.plist.strings; name = en; path = en.lproj/InfoPlist.strings; sourceTree = "<group>"; };
		BAF63BC6187EA2AF00D247D2 /* SliderPuzzleTests.m */ = {isa = PBXFileReference; lastKnownFileType = sourcecode.c.objc; path = SliderPuzzleTests.m; sourceTree = "<group>"; };
		BAF9DFA1187EA6120098D7B4 /* SPZTile.h */ = {isa = PBXFileReference; fileEncoding = 4; lastKnownFileType = sourcecode.c.h; path = SPZTile.h; sourceTree = "<group>"; };
		BAF9DFA2187EA6120098D7B4 /* SPZTile.m */ = {isa = PBXFileReference; fileEncoding = 4; lastKnownFileType = sourcecode.c.objc; path = SPZTile.m; sourceTree = "<group>"; };
		E44D2F6A3DB345B4848494A7 /* libPods.a */ = {isa = PBXFileReference; explicitFileType = archive.ar; includeInIndex = 0; path = libPods.a; sourceTree = BUILT_PRODUCTS_DIR; };
/* End PBXFileReference section */

/* Begin PBXFrameworksBuildPhase section */
		BAF63B95187EA2AF00D247D2 /* Frameworks */ = {
			isa = PBXFrameworksBuildPhase;
			buildActionMask = 2147483647;
			files = (
				BAC6FF2118AF745B007BCF62 /* AdSupport.framework in Frameworks */,
				BA77EAEA198DF03C00DBD014 /* CoreData.framework in Frameworks */,
				BA2A29BD198D24B500365377 /* CoreFoundation.framework in Frameworks */,
				BA2A29BC198D24A500365377 /* GLKit.framework in Frameworks */,
				BAE154EA198D272900A0DA56 /* Instabug.framework in Frameworks */,
				BA2E6124198D21DD0019DAAF /* MessageUI.framework in Frameworks */,
				BA2A29BB198D249500365377 /* OpenGLES.framework in Frameworks */,
				BA2A29BA198D248700365377 /* SystemConfiguration.framework in Frameworks */,
				BA2A29B9198D247200365377 /* CoreTelephony.framework in Frameworks */,
				BA2A29B8198D246700365377 /* MobileCoreServices.framework in Frameworks */,
				BA2A29B7198D245E00365377 /* CoreMotion.framework in Frameworks */,
				BA8F6794198D1CA9001BC97D /* AVFoundation.framework in Frameworks */,
				BA8F6796198D1CB5001BC97D /* AudioToolbox.framework in Frameworks */,
				BAF63B9E187EA2AF00D247D2 /* CoreGraphics.framework in Frameworks */,
				BAC6FF1918AF7437007BCF62 /* CoreLocation.framework in Frameworks */,
				BAF63B9C187EA2AF00D247D2 /* Foundation.framework in Frameworks */,
				BAC6FF1D18AF7446007BCF62 /* MapKit.framework in Frameworks */,
				BA99095A18BA0B4A00CFBE3E /* PixateFreestyle.framework in Frameworks */,
				BAC6FF1F18AF744F007BCF62 /* QuartzCore.framework in Frameworks */,
				BAF63BA0187EA2AF00D247D2 /* UIKit.framework in Frameworks */,
				BA77EAEF198DF6BA00DBD014 /* libsqlite3.dylib in Frameworks */,
				C4AB03E5B45C4743B3C4C3E3 /* libPods.a in Frameworks */,
				BA77EAE8198DF01500DBD014 /* libGoogleAnalyticsServices.a in Frameworks */,
				BA2A29B6198D23CD00365377 /* libc++.dylib in Frameworks */,
				BA2E612C198D227B0019DAAF /* libTestFlight.a in Frameworks */,
				BA2E612F198D22C10019DAAF /* libz.dylib in Frameworks */,
			);
			runOnlyForDeploymentPostprocessing = 0;
		};
		BAF63BB6187EA2AF00D247D2 /* Frameworks */ = {
			isa = PBXFrameworksBuildPhase;
			buildActionMask = 2147483647;
			files = (
				BAF63BBB187EA2AF00D247D2 /* XCTest.framework in Frameworks */,
				BAF63BBD187EA2AF00D247D2 /* UIKit.framework in Frameworks */,
				BAF63BBC187EA2AF00D247D2 /* Foundation.framework in Frameworks */,
			);
			runOnlyForDeploymentPostprocessing = 0;
		};
/* End PBXFrameworksBuildPhase section */

/* Begin PBXGroup section */
		BA2E6125198D227B0019DAAF /* TestFlightSDK3.0.0 */ = {
			isa = PBXGroup;
			children = (
				BA2E6126198D227B0019DAAF /* libTestFlight.a */,
				BA2E6127198D227B0019DAAF /* README.md */,
				BA2E6128198D227B0019DAAF /* release_notes.md */,
				BA2E6129198D227B0019DAAF /* TestFlight+AsyncLogging.h */,
				BA2E612A198D227B0019DAAF /* TestFlight+ManualSessions.h */,
				BA2E612B198D227B0019DAAF /* TestFlight.h */,
			);
			path = TestFlightSDK3.0.0;
			sourceTree = "<group>";
		};
		BA77EADD198DF01500DBD014 /* GoogleAnalyticsV3.09 */ = {
			isa = PBXGroup;
			children = (
				BA77EADE198DF01500DBD014 /* GAI.h */,
				BA77EADF198DF01500DBD014 /* GAIDictionaryBuilder.h */,
				BA77EAE0198DF01500DBD014 /* GAIEcommerceProduct.h */,
				BA77EAE1198DF01500DBD014 /* GAIEcommerceProductAction.h */,
				BA77EAE2198DF01500DBD014 /* GAIEcommercePromotion.h */,
				BA77EAE3198DF01500DBD014 /* GAIFields.h */,
				BA77EAE4198DF01500DBD014 /* GAILogger.h */,
				BA77EAE5198DF01500DBD014 /* GAITrackedViewController.h */,
				BA77EAE6198DF01500DBD014 /* GAITracker.h */,
				BA77EAE7198DF01500DBD014 /* libGoogleAnalyticsServices.a */,
			);
			path = GoogleAnalyticsV3.09;
			sourceTree = "<group>";
		};
		BA8F6776198C7CCF001BC97D /* Game Center */ = {
			isa = PBXGroup;
			children = (
				BAAB8DBE19148DC000042F0E /* SPZMultiGameHomeViewController.h */,
				BAAB8DBF19148DC000042F0E /* SPZMultiGameHomeViewController.m */,
			);
			path = "Game Center";
			sourceTree = "<group>";
		};
		BA99095218BA07B700CFBE3E /* Fonts */ = {
			isa = PBXGroup;
			children = (
				BA99095318BA07DB00CFBE3E /* HappyFox-Condensed.otf */,
				BA99095418BA07DB00CFBE3E /* HennyPenny-Regular.ttf */,
			);
			path = Fonts;
			sourceTree = "<group>";
		};
		BAA24C3D19566F76000792C6 /* Handler */ = {
			isa = PBXGroup;
			children = (
				BAA24C3E19566F76000792C6 /* SPZTileMotionHandler.h */,
				BAA24C3F19566F76000792C6 /* SPZTileMotionHandler.m */,
			);
			path = Handler;
			sourceTree = "<group>";
		};
		BAA24C4119566F7E000792C6 /* Intention */ = {
			isa = PBXGroup;
			children = (
				BAA24C4519566FB5000792C6 /* SPZTileAnimationIntention.h */,
				BAA24C4619566FB5000792C6 /* SPZTileAnimationIntention.m */,
				BAA24C4819568CBC000792C6 /* SPZShuffleIntention.h */,
				BAA24C4919568CBC000792C6 /* SPZShuffleIntention.m */,
			);
			path = Intention;
			sourceTree = "<group>";
		};
		BAAB8DC11914A6F300042F0E /* Sounds */ = {
			isa = PBXGroup;
			children = (
				BAABA4281989202A007A83E0 /* 8 bit level cleared and lost.mp3 */,
				BAABA42619891D37007A83E0 /* Retro Game Music.mp3 */,
			);
			path = Sounds;
			sourceTree = "<group>";
		};
		BAAD58A8198A30E400C74BFB /* Images */ = {
			isa = PBXGroup;
			children = (
				BAAD58B1198A3B7B00C74BFB /* puzzlebackgroundblur.png */,
			);
			path = Images;
			sourceTree = "<group>";
		};
		BAB5CE9C19160136002AF300 /* Game Utility */ = {
			isa = PBXGroup;
			children = (
				BAB5CE9D19160136002AF300 /* GameKitHelper.h */,
				BAB5CE9E19160136002AF300 /* GameKitHelper.m */,
				BAB5CE9F19160136002AF300 /* NSObject+SoundPlay.h */,
				BAB5CEA019160136002AF300 /* NSObject+SoundPlay.m */,
				BAB5CEA119160136002AF300 /* SKTAudio.h */,
				BAB5CEA219160136002AF300 /* SKTAudio.m */,
			);
			path = "Game Utility";
			sourceTree = "<group>";
		};
		BAB5CEA619160175002AF300 /* UI Utility */ = {
			isa = PBXGroup;
			children = (
				BAB5CEA7191601C2002AF300 /* SPZAlertPresenter.h */,
				BAB5CEA8191601C2002AF300 /* SPZAlertPresenter.m */,
			);
			path = "UI Utility";
			sourceTree = "<group>";
		};
		BABBDF8718868C1D0070CD24 /* ThirdPartyLibs */ = {
			isa = PBXGroup;
			children = (
				BA77EADD198DF01500DBD014 /* GoogleAnalyticsV3.09 */,
				BAE154E7198D272900A0DA56 /* Instabug.bundle */,
				BAE154E8198D272900A0DA56 /* Instabug.framework */,
				BA2E6125198D227B0019DAAF /* TestFlightSDK3.0.0 */,
			);
			path = ThirdPartyLibs;
			sourceTree = "<group>";
		};
		BAF63B8F187EA2AF00D247D2 = {
			isa = PBXGroup;
			children = (
				BAF63BA1187EA2AF00D247D2 /* SliderPuzzle */,
				BAAD58A8198A30E400C74BFB /* Images */,
				BAAB8DC11914A6F300042F0E /* Sounds */,
				BA99095218BA07B700CFBE3E /* Fonts */,
				BABBDF8718868C1D0070CD24 /* ThirdPartyLibs */,
				BAF63BC0187EA2AF00D247D2 /* SliderPuzzleTests */,
				BAF63B9A187EA2AF00D247D2 /* Frameworks */,
				BAF63B99187EA2AF00D247D2 /* Products */,
				490FEF45E58440E494FA125B /* Pods.xcconfig */,
			);
			sourceTree = "<group>";
		};
		BAF63B99187EA2AF00D247D2 /* Products */ = {
			isa = PBXGroup;
			children = (
				BAF63B98187EA2AF00D247D2 /* SliderPuzzle.app */,
				BAF63BB9187EA2AF00D247D2 /* SliderPuzzleTests.xctest */,
			);
			name = Products;
			sourceTree = "<group>";
		};
		BAF63B9A187EA2AF00D247D2 /* Frameworks */ = {
			isa = PBXGroup;
			children = (
				BA77EAEE198DF6BA00DBD014 /* libsqlite3.dylib */,
				BA77EAE9198DF03C00DBD014 /* CoreData.framework */,
				BA8F679F198D1D21001BC97D /* CoreFoundation.framework */,
				BA8F679D198D1D08001BC97D /* GLKit.framework */,
				BA8F679B198D1CF7001BC97D /* OpenGLES.framework */,
				BA8F6799198D1CE8001BC97D /* libc++.dylib */,
				BA8F6797198D1CCB001BC97D /* SystemConfiguration.framework */,
				BA8F6795198D1CB5001BC97D /* AudioToolbox.framework */,
				BA8F6793198D1CA9001BC97D /* AVFoundation.framework */,
				BA8F6791198D1C94001BC97D /* CoreTelephony.framework */,
				BA8F678F198D1C84001BC97D /* MobileCoreServices.framework */,
				BA99095918BA0B4A00CFBE3E /* PixateFreestyle.framework */,
				BA78393B18B83FCE00434653 /* CoreMotion.framework */,
				BAC6FF2018AF745B007BCF62 /* AdSupport.framework */,
				BAC6FF1E18AF744F007BCF62 /* QuartzCore.framework */,
				BAC6FF1C18AF7446007BCF62 /* MapKit.framework */,
				BAC6FF1A18AF743D007BCF62 /* MessageUI.framework */,
				BAC6FF1818AF7437007BCF62 /* CoreLocation.framework */,
				BABBDF8C18868CA70070CD24 /* libz.dylib */,
				BAF63B9B187EA2AF00D247D2 /* Foundation.framework */,
				BAF63B9D187EA2AF00D247D2 /* CoreGraphics.framework */,
				BAF63B9F187EA2AF00D247D2 /* UIKit.framework */,
				BAF63BBA187EA2AF00D247D2 /* XCTest.framework */,
				E44D2F6A3DB345B4848494A7 /* libPods.a */,
			);
			name = Frameworks;
			sourceTree = "<group>";
		};
		BAF63BA1187EA2AF00D247D2 /* SliderPuzzle */ = {
			isa = PBXGroup;
			children = (
				BA8F6776198C7CCF001BC97D /* Game Center */,
				BAA24C4119566F7E000792C6 /* Intention */,
				BAA24C3D19566F76000792C6 /* Handler */,
				BAB5CEA619160175002AF300 /* UI Utility */,
				BAB5CE9C19160136002AF300 /* Game Utility */,
				BAF9DFA4187EA6BC0098D7B4 /* Image Utility */,
				BAF9DFA0187EA5680098D7B4 /* Model */,
				BAF63BAA187EA2AF00D247D2 /* SPZAppDelegate.h */,
				BAF63BAB187EA2AF00D247D2 /* SPZAppDelegate.m */,
				BACC3E1A198F8FCF00679D44 /* SPZConstants.h */,
				BA99095018BA061B00CFBE3E /* default.css */,
				BAF63BAD187EA2AF00D247D2 /* Main-iPhone.storyboard */,
				BAB67CA118801EE40013F331 /* SPZPuzzleBoard.h */,
				BAB67CA218801EE40013F331 /* SPZPuzzleBoard.m */,
				BAAD58B3198A464800C74BFB /* SPZRESideMenuViewController.h */,
				BAAD58B4198A464800C74BFB /* SPZRESideMenuViewController.m */,
				BA8F677F198CC4C1001BC97D /* SPZMenuContentViewController.h */,
				BA8F6780198CC4C1001BC97D /* SPZMenuContentViewController.m */,
				BABE6235198499B7003A69B7 /* SPZGestureDelegate.h */,
				BABE6236198499B7003A69B7 /* SPZGestureDelegate.m */,
				BA8F6782198CC678001BC97D /* SPZGameSettingsViewController.h */,
				BA8F6783198CC678001BC97D /* SPZGameSettingsViewController.m */,
				BA8F6788198CC733001BC97D /* SPZHowToPlayViewController.h */,
				BA8F6789198CC733001BC97D /* SPZHowToPlayViewController.m */,
				BA8F6785198CC6D6001BC97D /* SPZPhotosCreditsViewController.h */,
				BA8F6786198CC6D6001BC97D /* SPZPhotosCreditsViewController.m */,
				BAF63BB0187EA2AF00D247D2 /* SPZGameBoardViewController.h */,
				BAF63BB1187EA2AF00D247D2 /* SPZGameBoardViewController.m */,
				BA77EAEB198DF32F00DBD014 /* UIViewController+Analytics.h */,
				BA77EAEC198DF32F00DBD014 /* UIViewController+Analytics.m */,
				BAA3C7771882370C0053D42B /* README.md */,
				BAF63BB3187EA2AF00D247D2 /* Images.xcassets */,
				BAF63BA2187EA2AF00D247D2 /* Supporting Files */,
			);
			path = SliderPuzzle;
			sourceTree = "<group>";
		};
		BAF63BA2187EA2AF00D247D2 /* Supporting Files */ = {
			isa = PBXGroup;
			children = (
				BAF63BA3187EA2AF00D247D2 /* SliderPuzzle-Info.plist */,
				BAF63BA4187EA2AF00D247D2 /* InfoPlist.strings */,
				BAF63BA7187EA2AF00D247D2 /* main.m */,
				BAF63BA9187EA2AF00D247D2 /* SliderPuzzle-Prefix.pch */,
			);
			name = "Supporting Files";
			sourceTree = "<group>";
		};
		BAF63BC0187EA2AF00D247D2 /* SliderPuzzleTests */ = {
			isa = PBXGroup;
			children = (
				BAF63BC6187EA2AF00D247D2 /* SliderPuzzleTests.m */,
				BAF63BC1187EA2AF00D247D2 /* Supporting Files */,
			);
			path = SliderPuzzleTests;
			sourceTree = "<group>";
		};
		BAF63BC1187EA2AF00D247D2 /* Supporting Files */ = {
			isa = PBXGroup;
			children = (
				BAF63BC2187EA2AF00D247D2 /* SliderPuzzleTests-Info.plist */,
				BAF63BC3187EA2AF00D247D2 /* InfoPlist.strings */,
			);
			name = "Supporting Files";
			sourceTree = "<group>";
		};
		BAF9DFA0187EA5680098D7B4 /* Model */ = {
			isa = PBXGroup;
			children = (
				BAA24C4219566F97000792C6 /* SPZGameBoardModelContainer.h */,
				BAA24C4319566F97000792C6 /* SPZGameBoardModelContainer.m */,
				BAF9DFA1187EA6120098D7B4 /* SPZTile.h */,
				BAF9DFA2187EA6120098D7B4 /* SPZTile.m */,
				BA24058D1880BCF4009BDC5D /* SPZTilesMatrix.h */,
				BA24058E1880BCF4009BDC5D /* SPZTilesMatrix.m */,
			);
			path = Model;
			sourceTree = "<group>";
		};
		BAF9DFA4187EA6BC0098D7B4 /* Image Utility */ = {
			isa = PBXGroup;
			children = (
				BAAD58A5198A276100C74BFB /* CALayer+Additions.h */,
				BAAD58A6198A276100C74BFB /* CALayer+Additions.m */,
				BAB67C8B187FDEA10013F331 /* UIImage+SliceImages.h */,
				BAB67C8C187FDEA10013F331 /* UIImage+SliceImages.m */,
				BAB67C93187FF0590013F331 /* UIImage+ResizeImage.h */,
				BAB67C94187FF0590013F331 /* UIImage+ResizeImage.m */,
				BAB67C9E188004660013F331 /* UIImage+Color.h */,
				BAB67C9F188004660013F331 /* UIImage+Color.m */,
			);
			path = "Image Utility";
			sourceTree = "<group>";
		};
/* End PBXGroup section */

/* Begin PBXNativeTarget section */
		BAF63B97187EA2AF00D247D2 /* SliderPuzzle */ = {
			isa = PBXNativeTarget;
			buildConfigurationList = BAF63BCA187EA2AF00D247D2 /* Build configuration list for PBXNativeTarget "SliderPuzzle" */;
			buildPhases = (
				96322C9AC5934ABCB9AB598E /* Check Pods Manifest.lock */,
				BAF63B94187EA2AF00D247D2 /* Sources */,
				BAF63B95187EA2AF00D247D2 /* Frameworks */,
				BAF63B96187EA2AF00D247D2 /* Resources */,
				7160841E232A48359F43EFE9 /* Copy Pods Resources */,
			);
			buildRules = (
			);
			dependencies = (
			);
			name = SliderPuzzle;
			productName = SliderPuzzle;
			productReference = BAF63B98187EA2AF00D247D2 /* SliderPuzzle.app */;
			productType = "com.apple.product-type.application";
		};
		BAF63BB8187EA2AF00D247D2 /* SliderPuzzleTests */ = {
			isa = PBXNativeTarget;
			buildConfigurationList = BAF63BCD187EA2AF00D247D2 /* Build configuration list for PBXNativeTarget "SliderPuzzleTests" */;
			buildPhases = (
				BAF63BB5187EA2AF00D247D2 /* Sources */,
				BAF63BB6187EA2AF00D247D2 /* Frameworks */,
				BAF63BB7187EA2AF00D247D2 /* Resources */,
			);
			buildRules = (
			);
			dependencies = (
				BAF63BBF187EA2AF00D247D2 /* PBXTargetDependency */,
			);
			name = SliderPuzzleTests;
			productName = SliderPuzzleTests;
			productReference = BAF63BB9187EA2AF00D247D2 /* SliderPuzzleTests.xctest */;
			productType = "com.apple.product-type.bundle.unit-test";
		};
/* End PBXNativeTarget section */

/* Begin PBXProject section */
		BAF63B90187EA2AF00D247D2 /* Project object */ = {
			isa = PBXProject;
			attributes = {
				CLASSPREFIX = SPZ;
				LastUpgradeCheck = 0510;
				ORGANIZATIONNAME = Kinwo.net;
				TargetAttributes = {
					BAF63B97187EA2AF00D247D2 = {
						DevelopmentTeam = 62FMGDF5G5;
						SystemCapabilities = {
							com.apple.GameCenter = {
								enabled = 0;
							};
							com.apple.iOS = {
								enabled = 0;
							};
						};
					};
					BAF63BB8187EA2AF00D247D2 = {
						TestTargetID = BAF63B97187EA2AF00D247D2;
					};
				};
			};
			buildConfigurationList = BAF63B93187EA2AF00D247D2 /* Build configuration list for PBXProject "SliderPuzzle" */;
			compatibilityVersion = "Xcode 3.2";
			developmentRegion = English;
			hasScannedForEncodings = 0;
			knownRegions = (
				en,
				Base,
			);
			mainGroup = BAF63B8F187EA2AF00D247D2;
			productRefGroup = BAF63B99187EA2AF00D247D2 /* Products */;
			projectDirPath = "";
			projectRoot = "";
			targets = (
				BAF63B97187EA2AF00D247D2 /* SliderPuzzle */,
				BAF63BB8187EA2AF00D247D2 /* SliderPuzzleTests */,
			);
		};
/* End PBXProject section */

/* Begin PBXResourcesBuildPhase section */
		BAF63B96187EA2AF00D247D2 /* Resources */ = {
			isa = PBXResourcesBuildPhase;
			buildActionMask = 2147483647;
			files = (
				BAAD58B2198A3B7B00C74BFB /* puzzlebackgroundblur.png in Resources */,
				BA99095518BA081300CFBE3E /* HappyFox-Condensed.otf in Resources */,
				BA99095618BA081600CFBE3E /* HennyPenny-Regular.ttf in Resources */,
				BAF63BB4187EA2AF00D247D2 /* Images.xcassets in Resources */,
				BAABA42719891D37007A83E0 /* Retro Game Music.mp3 in Resources */,
				BA99095118BA061B00CFBE3E /* default.css in Resources */,
				BAABA4291989202A007A83E0 /* 8 bit level cleared and lost.mp3 in Resources */,
				BAF63BA6187EA2AF00D247D2 /* InfoPlist.strings in Resources */,
				BAE154E9198D272900A0DA56 /* Instabug.bundle in Resources */,
				BAF63BAF187EA2AF00D247D2 /* Main-iPhone.storyboard in Resources */,
			);
			runOnlyForDeploymentPostprocessing = 0;
		};
		BAF63BB7187EA2AF00D247D2 /* Resources */ = {
			isa = PBXResourcesBuildPhase;
			buildActionMask = 2147483647;
			files = (
				BAF63BC5187EA2AF00D247D2 /* InfoPlist.strings in Resources */,
			);
			runOnlyForDeploymentPostprocessing = 0;
		};
/* End PBXResourcesBuildPhase section */

/* Begin PBXShellScriptBuildPhase section */
		7160841E232A48359F43EFE9 /* Copy Pods Resources */ = {
			isa = PBXShellScriptBuildPhase;
			buildActionMask = 2147483647;
			files = (
			);
			inputPaths = (
			);
			name = "Copy Pods Resources";
			outputPaths = (
			);
			runOnlyForDeploymentPostprocessing = 0;
			shellPath = /bin/sh;
			shellScript = "\"${SRCROOT}/Pods/Pods-resources.sh\"\n";
			showEnvVarsInLog = 0;
		};
		96322C9AC5934ABCB9AB598E /* Check Pods Manifest.lock */ = {
			isa = PBXShellScriptBuildPhase;
			buildActionMask = 2147483647;
			files = (
			);
			inputPaths = (
			);
			name = "Check Pods Manifest.lock";
			outputPaths = (
			);
			runOnlyForDeploymentPostprocessing = 0;
			shellPath = /bin/sh;
			shellScript = "diff \"${PODS_ROOT}/../Podfile.lock\" \"${PODS_ROOT}/Manifest.lock\" > /dev/null\nif [[ $? != 0 ]] ; then\n    cat << EOM\nerror: The sandbox is not in sync with the Podfile.lock. Run 'pod install' or update your CocoaPods installation.\nEOM\n    exit 1\nfi\n";
			showEnvVarsInLog = 0;
		};
/* End PBXShellScriptBuildPhase section */

/* Begin PBXSourcesBuildPhase section */
		BAF63B94187EA2AF00D247D2 /* Sources */ = {
			isa = PBXSourcesBuildPhase;
			buildActionMask = 2147483647;
			files = (
				BAF9DFA3187EA6120098D7B4 /* SPZTile.m in Sources */,
				BAF63BA8187EA2AF00D247D2 /* main.m in Sources */,
				BABE6237198499B7003A69B7 /* SPZGestureDelegate.m in Sources */,
				BAA24C4419566F97000792C6 /* SPZGameBoardModelContainer.m in Sources */,
				BA8F678A198CC733001BC97D /* SPZHowToPlayViewController.m in Sources */,
				BAA24C4719566FB5000792C6 /* SPZTileAnimationIntention.m in Sources */,
				BAAD58B5198A464800C74BFB /* SPZRESideMenuViewController.m in Sources */,
				BA77EAED198DF32F00DBD014 /* UIViewController+Analytics.m in Sources */,
				BAB5CEA519160136002AF300 /* SKTAudio.m in Sources */,
				BAAD58A7198A276100C74BFB /* CALayer+Additions.m in Sources */,
				BAA24C4019566F76000792C6 /* SPZTileMotionHandler.m in Sources */,
				BA8F6781198CC4C1001BC97D /* SPZMenuContentViewController.m in Sources */,
				BAB5CEA9191601C2002AF300 /* SPZAlertPresenter.m in Sources */,
				BAF63BB2187EA2AF00D247D2 /* SPZGameBoardViewController.m in Sources */,
				BAB67C8D187FDEA10013F331 /* UIImage+SliceImages.m in Sources */,
				BAB67CA318801EE40013F331 /* SPZPuzzleBoard.m in Sources */,
				BAB67CA0188004660013F331 /* UIImage+Color.m in Sources */,
				BAB5CEA419160136002AF300 /* NSObject+SoundPlay.m in Sources */,
				BAB5CEA319160136002AF300 /* GameKitHelper.m in Sources */,
				BAF63BAC187EA2AF00D247D2 /* SPZAppDelegate.m in Sources */,
				BAAB8DC019148DC000042F0E /* SPZMultiGameHomeViewController.m in Sources */,
				BAA24C4A19568CBC000792C6 /* SPZShuffleIntention.m in Sources */,
				BA8F6784198CC678001BC97D /* SPZGameSettingsViewController.m in Sources */,
				BAB67C95187FF0590013F331 /* UIImage+ResizeImage.m in Sources */,
				BA8F6787198CC6D6001BC97D /* SPZPhotosCreditsViewController.m in Sources */,
				BA24058F1880BCF4009BDC5D /* SPZTilesMatrix.m in Sources */,
			);
			runOnlyForDeploymentPostprocessing = 0;
		};
		BAF63BB5187EA2AF00D247D2 /* Sources */ = {
			isa = PBXSourcesBuildPhase;
			buildActionMask = 2147483647;
			files = (
				BAF63BC7187EA2AF00D247D2 /* SliderPuzzleTests.m in Sources */,
			);
			runOnlyForDeploymentPostprocessing = 0;
		};
/* End PBXSourcesBuildPhase section */

/* Begin PBXTargetDependency section */
		BAF63BBF187EA2AF00D247D2 /* PBXTargetDependency */ = {
			isa = PBXTargetDependency;
			target = BAF63B97187EA2AF00D247D2 /* SliderPuzzle */;
			targetProxy = BAF63BBE187EA2AF00D247D2 /* PBXContainerItemProxy */;
		};
/* End PBXTargetDependency section */

/* Begin PBXVariantGroup section */
		BAF63BA4187EA2AF00D247D2 /* InfoPlist.strings */ = {
			isa = PBXVariantGroup;
			children = (
				BAF63BA5187EA2AF00D247D2 /* en */,
			);
			name = InfoPlist.strings;
			sourceTree = "<group>";
		};
		BAF63BAD187EA2AF00D247D2 /* Main-iPhone.storyboard */ = {
			isa = PBXVariantGroup;
			children = (
				BAF63BAE187EA2AF00D247D2 /* Base */,
			);
			name = "Main-iPhone.storyboard";
			sourceTree = "<group>";
		};
		BAF63BC3187EA2AF00D247D2 /* InfoPlist.strings */ = {
			isa = PBXVariantGroup;
			children = (
				BAF63BC4187EA2AF00D247D2 /* en */,
			);
			name = InfoPlist.strings;
			sourceTree = "<group>";
		};
/* End PBXVariantGroup section */

/* Begin XCBuildConfiguration section */
		BAF63BC8187EA2AF00D247D2 /* Debug */ = {
			isa = XCBuildConfiguration;
			buildSettings = {
				ALWAYS_SEARCH_USER_PATHS = NO;
				CLANG_CXX_LANGUAGE_STANDARD = "gnu++0x";
				CLANG_CXX_LIBRARY = "libc++";
				CLANG_ENABLE_MODULES = YES;
				CLANG_ENABLE_OBJC_ARC = YES;
				CLANG_WARN_BOOL_CONVERSION = YES;
				CLANG_WARN_CONSTANT_CONVERSION = YES;
				CLANG_WARN_DIRECT_OBJC_ISA_USAGE = YES_ERROR;
				CLANG_WARN_EMPTY_BODY = YES;
				CLANG_WARN_ENUM_CONVERSION = YES;
				CLANG_WARN_INT_CONVERSION = YES;
				CLANG_WARN_OBJC_ROOT_CLASS = YES_ERROR;
				CLANG_WARN__DUPLICATE_METHOD_MATCH = YES;
				"CODE_SIGN_IDENTITY[sdk=iphoneos*]" = "iPhone Developer";
				COPY_PHASE_STRIP = NO;
				GCC_C_LANGUAGE_STANDARD = gnu99;
				GCC_DYNAMIC_NO_PIC = NO;
				GCC_OPTIMIZATION_LEVEL = 0;
				GCC_PREPROCESSOR_DEFINITIONS = (
					"DEBUG=1",
					"$(inherited)",
				);
				GCC_SYMBOLS_PRIVATE_EXTERN = NO;
				GCC_WARN_64_TO_32_BIT_CONVERSION = YES;
				GCC_WARN_ABOUT_RETURN_TYPE = YES_ERROR;
				GCC_WARN_UNDECLARED_SELECTOR = YES;
				GCC_WARN_UNINITIALIZED_AUTOS = YES;
				GCC_WARN_UNUSED_FUNCTION = YES;
				GCC_WARN_UNUSED_VARIABLE = YES;
				IPHONEOS_DEPLOYMENT_TARGET = 7.0;
				ONLY_ACTIVE_ARCH = YES;
				SDKROOT = iphoneos;
			};
			name = Debug;
		};
		BAF63BC9187EA2AF00D247D2 /* Release */ = {
			isa = XCBuildConfiguration;
			buildSettings = {
				ALWAYS_SEARCH_USER_PATHS = NO;
				CLANG_CXX_LANGUAGE_STANDARD = "gnu++0x";
				CLANG_CXX_LIBRARY = "libc++";
				CLANG_ENABLE_MODULES = YES;
				CLANG_ENABLE_OBJC_ARC = YES;
				CLANG_WARN_BOOL_CONVERSION = YES;
				CLANG_WARN_CONSTANT_CONVERSION = YES;
				CLANG_WARN_DIRECT_OBJC_ISA_USAGE = YES_ERROR;
				CLANG_WARN_EMPTY_BODY = YES;
				CLANG_WARN_ENUM_CONVERSION = YES;
				CLANG_WARN_INT_CONVERSION = YES;
				CLANG_WARN_OBJC_ROOT_CLASS = YES_ERROR;
				CLANG_WARN__DUPLICATE_METHOD_MATCH = YES;
				"CODE_SIGN_IDENTITY[sdk=iphoneos*]" = "iPhone Developer";
				COPY_PHASE_STRIP = YES;
				ENABLE_NS_ASSERTIONS = NO;
				GCC_C_LANGUAGE_STANDARD = gnu99;
				GCC_WARN_64_TO_32_BIT_CONVERSION = YES;
				GCC_WARN_ABOUT_RETURN_TYPE = YES_ERROR;
				GCC_WARN_UNDECLARED_SELECTOR = YES;
				GCC_WARN_UNINITIALIZED_AUTOS = YES;
				GCC_WARN_UNUSED_FUNCTION = YES;
				GCC_WARN_UNUSED_VARIABLE = YES;
				IPHONEOS_DEPLOYMENT_TARGET = 7.0;
				SDKROOT = iphoneos;
				VALIDATE_PRODUCT = YES;
			};
			name = Release;
		};
		BAF63BCB187EA2AF00D247D2 /* Debug */ = {
			isa = XCBuildConfiguration;
			baseConfigurationReference = 490FEF45E58440E494FA125B /* Pods.xcconfig */;
			buildSettings = {
				ARCHS = "$(ARCHS_STANDARD)";
				ASSETCATALOG_COMPILER_APPICON_NAME = AppIcon;
				ASSETCATALOG_COMPILER_LAUNCHIMAGE_NAME = LaunchImage;
				CODE_SIGN_IDENTITY = "iPhone Developer: KIN WO CHAN (VBENR3GFLH)";
				"CODE_SIGN_IDENTITY[sdk=iphoneos*]" = "iPhone Developer: KIN WO CHAN (VBENR3GFLH)";
				FRAMEWORK_SEARCH_PATHS = (
					"$(inherited)",
					"$(PROJECT_DIR)/ThirdPartyLibs",
					/Users/henry/Downloads/Instabug,
					2,
				);
				GCC_GENERATE_TEST_COVERAGE_FILES = YES;
				GCC_INSTRUMENT_PROGRAM_FLOW_ARCS = YES;
				GCC_PRECOMPILE_PREFIX_HEADER = YES;
				GCC_PREFIX_HEADER = "SliderPuzzle/SliderPuzzle-Prefix.pch";
				GENERATE_PROFILING_CODE = YES;
				INFOPLIST_FILE = "SliderPuzzle/SliderPuzzle-Info.plist";
				IPHONEOS_DEPLOYMENT_TARGET = 7.1;
				LIBRARY_SEARCH_PATHS = (
					"$(inherited)",
					"$(PROJECT_DIR)/ThirdPartyLibs/TestFlightSDK3.0.0",
					"$(PROJECT_DIR)/ThirdPartyLibs/GoogleAnalyticsV3.09",
				);
				OTHER_LDFLAGS = (
					"-ObjC",
					"-all_load",
				);
				PRODUCT_NAME = "$(TARGET_NAME)";
				PROVISIONING_PROFILE = "EF163772-7876-417C-B290-0FFED821EB3D";
				TARGETED_DEVICE_FAMILY = 1;
				VALID_ARCHS = "armv7 armv7s arm64";
				WRAPPER_EXTENSION = app;
			};
			name = Debug;
		};
		BAF63BCC187EA2AF00D247D2 /* Release */ = {
			isa = XCBuildConfiguration;
			baseConfigurationReference = 490FEF45E58440E494FA125B /* Pods.xcconfig */;
			buildSettings = {
				ARCHS = "$(ARCHS_STANDARD)";
				ASSETCATALOG_COMPILER_APPICON_NAME = AppIcon;
				ASSETCATALOG_COMPILER_LAUNCHIMAGE_NAME = LaunchImage;
				CODE_SIGN_IDENTITY = "iPhone Developer: KIN WO CHAN (VBENR3GFLH)";
				"CODE_SIGN_IDENTITY[sdk=iphoneos*]" = "iPhone Developer: KIN WO CHAN (VBENR3GFLH)";
				FRAMEWORK_SEARCH_PATHS = (
					"$(inherited)",
					"$(PROJECT_DIR)/ThirdPartyLibs",
					/Users/henry/Downloads/Instabug,
					2,
				);
				GCC_PRECOMPILE_PREFIX_HEADER = YES;
				GCC_PREFIX_HEADER = "SliderPuzzle/SliderPuzzle-Prefix.pch";
				GENERATE_PROFILING_CODE = YES;
				INFOPLIST_FILE = "SliderPuzzle/SliderPuzzle-Info.plist";
				IPHONEOS_DEPLOYMENT_TARGET = 7.1;
				LIBRARY_SEARCH_PATHS = (
					"$(inherited)",
					"$(PROJECT_DIR)/ThirdPartyLibs/TestFlightSDK3.0.0",
					"$(PROJECT_DIR)/ThirdPartyLibs/GoogleAnalyticsV3.09",
				);
				OTHER_LDFLAGS = (
					"-ObjC",
					"-all_load",
				);
				PRODUCT_NAME = "$(TARGET_NAME)";
				PROVISIONING_PROFILE = "EF163772-7876-417C-B290-0FFED821EB3D";
				TARGETED_DEVICE_FAMILY = 1;
				VALID_ARCHS = "armv7 armv7s arm64";
				WRAPPER_EXTENSION = app;
			};
			name = Release;
		};
		BAF63BCE187EA2AF00D247D2 /* Debug */ = {
			isa = XCBuildConfiguration;
			buildSettings = {
				BUNDLE_LOADER = "$(BUILT_PRODUCTS_DIR)/SliderPuzzle.app/SliderPuzzle";
				FRAMEWORK_SEARCH_PATHS = (
					"$(SDKROOT)/Developer/Library/Frameworks",
					"$(inherited)",
					"$(DEVELOPER_FRAMEWORKS_DIR)",
					/Users/henry/Documents/SliderPuzzle/ThirdPartyLibs/Reveal,
				);
				GCC_PRECOMPILE_PREFIX_HEADER = YES;
				GCC_PREFIX_HEADER = "SliderPuzzle/SliderPuzzle-Prefix.pch";
				GCC_PREPROCESSOR_DEFINITIONS = (
					"DEBUG=1",
					"$(inherited)",
				);
				INFOPLIST_FILE = "SliderPuzzleTests/SliderPuzzleTests-Info.plist";
				LIBRARY_SEARCH_PATHS = (
					"$(inherited)",
					/Users/henry/Documents/SliderPuzzle/ThirdPartyLibs/Reveal,
				);
				PRODUCT_NAME = "$(TARGET_NAME)";
				TEST_HOST = "$(BUNDLE_LOADER)";
				WRAPPER_EXTENSION = xctest;
			};
			name = Debug;
		};
		BAF63BCF187EA2AF00D247D2 /* Release */ = {
			isa = XCBuildConfiguration;
			buildSettings = {
				BUNDLE_LOADER = "$(BUILT_PRODUCTS_DIR)/SliderPuzzle.app/SliderPuzzle";
				FRAMEWORK_SEARCH_PATHS = (
					"$(SDKROOT)/Developer/Library/Frameworks",
					"$(inherited)",
					"$(DEVELOPER_FRAMEWORKS_DIR)",
					/Users/henry/Documents/SliderPuzzle/ThirdPartyLibs/Reveal,
				);
				GCC_PRECOMPILE_PREFIX_HEADER = YES;
				GCC_PREFIX_HEADER = "SliderPuzzle/SliderPuzzle-Prefix.pch";
				INFOPLIST_FILE = "SliderPuzzleTests/SliderPuzzleTests-Info.plist";
				LIBRARY_SEARCH_PATHS = (
					"$(inherited)",
					/Users/henry/Documents/SliderPuzzle/ThirdPartyLibs/Reveal,
				);
				PRODUCT_NAME = "$(TARGET_NAME)";
				TEST_HOST = "$(BUNDLE_LOADER)";
				WRAPPER_EXTENSION = xctest;
			};
			name = Release;
		};
/* End XCBuildConfiguration section */

/* Begin XCConfigurationList section */
		BAF63B93187EA2AF00D247D2 /* Build configuration list for PBXProject "SliderPuzzle" */ = {
			isa = XCConfigurationList;
			buildConfigurations = (
				BAF63BC8187EA2AF00D247D2 /* Debug */,
				BAF63BC9187EA2AF00D247D2 /* Release */,
			);
			defaultConfigurationIsVisible = 0;
			defaultConfigurationName = Release;
		};
		BAF63BCA187EA2AF00D247D2 /* Build configuration list for PBXNativeTarget "SliderPuzzle" */ = {
			isa = XCConfigurationList;
			buildConfigurations = (
				BAF63BCB187EA2AF00D247D2 /* Debug */,
				BAF63BCC187EA2AF00D247D2 /* Release */,
			);
			defaultConfigurationIsVisible = 0;
			defaultConfigurationName = Release;
		};
		BAF63BCD187EA2AF00D247D2 /* Build configuration list for PBXNativeTarget "SliderPuzzleTests" */ = {
			isa = XCConfigurationList;
			buildConfigurations = (
				BAF63BCE187EA2AF00D247D2 /* Debug */,
				BAF63BCF187EA2AF00D247D2 /* Release */,
			);
			defaultConfigurationIsVisible = 0;
			defaultConfigurationName = Release;
		};
/* End XCConfigurationList section */
	};
	rootObject = BAF63B90187EA2AF00D247D2 /* Project object */;
}
